PODS:
  - EvincedSDKiOS (1.1.1):
    - Starscream (~> 4.0)
  - Starscream (4.0.4)

DEPENDENCIES:
  - EvincedSDKiOS (from `../`)

SPEC REPOS:
  trunk:
    - Starscream

EXTERNAL SOURCES:
  EvincedSDKiOS:
    :path: "../"

SPEC CHECKSUMS:
  EvincedSDKiOS: e71f02cb11779bcbcfe6f74e7728d33f91f073ac
  Starscream: 5178aed56b316f13fa3bc55694e583d35dd414d9

PODFILE CHECKSUM: 440102362a2330a037e39eaee00972d955631725

COCOAPODS: 1.10.0
