PODS:
  - EvincedSDKiOS (1.2.0):
    - Starscream (~> 4.0)
  - Starscream (4.0.4)

DEPENDENCIES:
  - EvincedSDKiOS (from `../`)

SPEC REPOS:
  trunk:
    - Starscream

EXTERNAL SOURCES:
  EvincedSDKiOS:
    :path: "../"

SPEC CHECKSUMS:
  EvincedSDKiOS: a6ef0ff612c6659a62ec929c587d7a8fbd7db567
  Starscream: 5178aed56b316f13fa3bc55694e583d35dd414d9

PODFILE CHECKSUM: 440102362a2330a037e39eaee00972d955631725

COCOAPODS: 1.10.0
