// !$*UTF8*$!
{
	archiveVersion = 1;
	classes = {
	};
	objectVersion = 46;
	objects = {

/* Begin PBXAggregateTarget section */
		2E990AB22599FADC00A49DC6 /* Evinced_Universal */ = {
			isa = PBXAggregateTarget;
			buildConfigurationList = 2E990AB32599FADC00A49DC6 /* Build configuration list for PBXAggregateTarget "Evinced_Universal" */;
			buildPhases = (
				2E990ABB2599FAE200A49DC6 /* ShellScript */,
			);
			dependencies = (
			);
			name = Evinced_Universal;
			productName = Evinced_Universal;
		};
/* End PBXAggregateTarget section */

/* Begin PBXBuildFile section */
		2EA2842F259A06740097DA79 /* SnapshotActionSheetUtils.swift in Sources */ = {isa = PBXBuildFile; fileRef = 2EA283D4259A06740097DA79 /* SnapshotActionSheetUtils.swift */; };
		2EA28430259A06740097DA79 /* SnapshotViewController.swift in Sources */ = {isa = PBXBuildFile; fileRef = 2EA283D5259A06740097DA79 /* SnapshotViewController.swift */; };
		2EA28431259A06740097DA79 /* RangeSlider.swift in Sources */ = {isa = PBXBuildFile; fileRef = 2EA283D6259A06740097DA79 /* RangeSlider.swift */; };
		2EA28432259A06740097DA79 /* SnapshotView.swift in Sources */ = {isa = PBXBuildFile; fileRef = 2EA283D7259A06740097DA79 /* SnapshotView.swift */; };
		2EA28433259A06740097DA79 /* SnapshotViewConfiguration.swift in Sources */ = {isa = PBXBuildFile; fileRef = 2EA283D8259A06740097DA79 /* SnapshotViewConfiguration.swift */; };
		2EA28434259A06740097DA79 /* HierarchyViewConfiguration.swift in Sources */ = {isa = PBXBuildFile; fileRef = 2EA283DA259A06740097DA79 /* HierarchyViewConfiguration.swift */; };
		2EA28435259A06740097DA79 /* ParallelLineView.swift in Sources */ = {isa = PBXBuildFile; fileRef = 2EA283DB259A06740097DA79 /* ParallelLineView.swift */; };
		2EA28436259A06740097DA79 /* TreeTableViewDataSource.swift in Sources */ = {isa = PBXBuildFile; fileRef = 2EA283DC259A06740097DA79 /* TreeTableViewDataSource.swift */; };
		2EA28437259A06740097DA79 /* HierarchyTableViewCell.swift in Sources */ = {isa = PBXBuildFile; fileRef = 2EA283DD259A06740097DA79 /* HierarchyTableViewCell.swift */; };
		2EA28438259A06740097DA79 /* HierarchyTableViewController.swift in Sources */ = {isa = PBXBuildFile; fileRef = 2EA283DE259A06740097DA79 /* HierarchyTableViewController.swift */; };
		2EA2843C259A06740097DA79 /* Menu.swift in Sources */ = {isa = PBXBuildFile; fileRef = 2EA283E3259A06740097DA79 /* Menu.swift */; };
		2EA2843E259A06740097DA79 /* ScannerViewController.swift in Sources */ = {isa = PBXBuildFile; fileRef = 2EA283E6259A06740097DA79 /* ScannerViewController.swift */; };
		2EA2843F259A06740097DA79 /* VIewDebuggerViewController.swift in Sources */ = {isa = PBXBuildFile; fileRef = 2EA283E7259A06740097DA79 /* VIewDebuggerViewController.swift */; };
		2EA28440259A06740097DA79 /* Configuration.swift in Sources */ = {isa = PBXBuildFile; fileRef = 2EA283E8259A06740097DA79 /* Configuration.swift */; };
		2EA28441259A06740097DA79 /* EvincedEngine.swift in Sources */ = {isa = PBXBuildFile; fileRef = 2EA283E9259A06740097DA79 /* EvincedEngine.swift */; };
		2EA28442259A06740097DA79 /* Snapshot.swift in Sources */ = {isa = PBXBuildFile; fileRef = 2EA283EA259A06740097DA79 /* Snapshot.swift */; };
		2EA28443259A06740097DA79 /* Evinced.h in Headers */ = {isa = PBXBuildFile; fileRef = 2EA283EB259A06740097DA79 /* Evinced.h */; settings = {ATTRIBUTES = (Public, ); }; };
		2EA28445259A06740097DA79 /* Socket.swift in Sources */ = {isa = PBXBuildFile; fileRef = 2EA283EE259A06740097DA79 /* Socket.swift */; };
		2EA28446259A06740097DA79 /* Transport.swift in Sources */ = {isa = PBXBuildFile; fileRef = 2EA283F3259A06740097DA79 /* Transport.swift */; };
		2EA28447259A06740097DA79 /* FoundationTransport.swift in Sources */ = {isa = PBXBuildFile; fileRef = 2EA283F4259A06740097DA79 /* FoundationTransport.swift */; };
		2EA28448259A06740097DA79 /* TCPTransport.swift in Sources */ = {isa = PBXBuildFile; fileRef = 2EA283F5259A06740097DA79 /* TCPTransport.swift */; };
		2EA28449259A06740097DA79 /* Security.swift in Sources */ = {isa = PBXBuildFile; fileRef = 2EA283F7259A06740097DA79 /* Security.swift */; };
		2EA2844A259A06740097DA79 /* FoundationSecurity.swift in Sources */ = {isa = PBXBuildFile; fileRef = 2EA283F8259A06740097DA79 /* FoundationSecurity.swift */; };
		2EA2844B259A06740097DA79 /* Data+Extensions.swift in Sources */ = {isa = PBXBuildFile; fileRef = 2EA283FA259A06740097DA79 /* Data+Extensions.swift */; };
		2EA2844C259A06740097DA79 /* Server.swift in Sources */ = {isa = PBXBuildFile; fileRef = 2EA283FC259A06740097DA79 /* Server.swift */; };
		2EA2844D259A06740097DA79 /* WebSocketServer.swift in Sources */ = {isa = PBXBuildFile; fileRef = 2EA283FD259A06740097DA79 /* WebSocketServer.swift */; };
		2EA2844E259A06740097DA79 /* FoundationHTTPHandler.swift in Sources */ = {isa = PBXBuildFile; fileRef = 2EA283FF259A06740097DA79 /* FoundationHTTPHandler.swift */; };
		2EA2844F259A06740097DA79 /* HTTPHandler.swift in Sources */ = {isa = PBXBuildFile; fileRef = 2EA28400259A06740097DA79 /* HTTPHandler.swift */; };
		2EA28450259A06740097DA79 /* FrameCollector.swift in Sources */ = {isa = PBXBuildFile; fileRef = 2EA28401259A06740097DA79 /* FrameCollector.swift */; };
		2EA28451259A06740097DA79 /* StringHTTPHandler.swift in Sources */ = {isa = PBXBuildFile; fileRef = 2EA28402259A06740097DA79 /* StringHTTPHandler.swift */; };
		2EA28452259A06740097DA79 /* FoundationHTTPServerHandler.swift in Sources */ = {isa = PBXBuildFile; fileRef = 2EA28403259A06740097DA79 /* FoundationHTTPServerHandler.swift */; };
		2EA28453259A06740097DA79 /* Framer.swift in Sources */ = {isa = PBXBuildFile; fileRef = 2EA28404259A06740097DA79 /* Framer.swift */; };
		2EA28454259A06740097DA79 /* Compression.swift in Sources */ = {isa = PBXBuildFile; fileRef = 2EA28406259A06740097DA79 /* Compression.swift */; };
		2EA28455259A06740097DA79 /* WSCompression.swift in Sources */ = {isa = PBXBuildFile; fileRef = 2EA28407259A06740097DA79 /* WSCompression.swift */; };
		2EA28456259A06740097DA79 /* WebSocket.swift in Sources */ = {isa = PBXBuildFile; fileRef = 2EA28409259A06740097DA79 /* WebSocket.swift */; };
		2EA28457259A06740097DA79 /* Engine.swift in Sources */ = {isa = PBXBuildFile; fileRef = 2EA2840B259A06740097DA79 /* Engine.swift */; };
		2EA28458259A06740097DA79 /* NativeEngine.swift in Sources */ = {isa = PBXBuildFile; fileRef = 2EA2840C259A06740097DA79 /* NativeEngine.swift */; };
		2EA28459259A06740097DA79 /* WSEngine.swift in Sources */ = {isa = PBXBuildFile; fileRef = 2EA2840D259A06740097DA79 /* WSEngine.swift */; };
		2EA2845A259A06740097DA79 /* JSONEquality.swift in Sources */ = {isa = PBXBuildFile; fileRef = 2EA2840F259A06740097DA79 /* JSONEquality.swift */; };
		2EA2845B259A06740097DA79 /* JSONElement.swift in Sources */ = {isa = PBXBuildFile; fileRef = 2EA28410259A06740097DA79 /* JSONElement.swift */; };
		2EA2845C259A06740097DA79 /* JSONPointer.swift in Sources */ = {isa = PBXBuildFile; fileRef = 2EA28411259A06740097DA79 /* JSONPointer.swift */; };
		2EA2845D259A06740097DA79 /* JSONPatch.swift in Sources */ = {isa = PBXBuildFile; fileRef = 2EA28412259A06740097DA79 /* JSONPatch.swift */; };
		2EA2845E259A06740097DA79 /* JSONPatchCodable.swift in Sources */ = {isa = PBXBuildFile; fileRef = 2EA28413259A06740097DA79 /* JSONPatchCodable.swift */; };
		2EA2845F259A06740097DA79 /* JSONPatchGenerator.swift in Sources */ = {isa = PBXBuildFile; fileRef = 2EA28414259A06740097DA79 /* JSONPatchGenerator.swift */; };
		2EA28460259A06740097DA79 /* JSONError.swift in Sources */ = {isa = PBXBuildFile; fileRef = 2EA28415259A06740097DA79 /* JSONError.swift */; };
		2EA28461259A06740097DA79 /* NSArray+DeepCopy.swift in Sources */ = {isa = PBXBuildFile; fileRef = 2EA28416259A06740097DA79 /* NSArray+DeepCopy.swift */; };
		2EA28462259A06740097DA79 /* NSDictionary+DeepCopy.swift in Sources */ = {isa = PBXBuildFile; fileRef = 2EA28417259A06740097DA79 /* NSDictionary+DeepCopy.swift */; };
		2EA28464259A06740097DA79 /* Codables.swift in Sources */ = {isa = PBXBuildFile; fileRef = 2EA2841A259A06740097DA79 /* Codables.swift */; };
		2EA28465259A06740097DA79 /* Element.swift in Sources */ = {isa = PBXBuildFile; fileRef = 2EA2841B259A06740097DA79 /* Element.swift */; };
		2EA28466259A06740097DA79 /* Locker.swift in Sources */ = {isa = PBXBuildFile; fileRef = 2EA2841C259A06740097DA79 /* Locker.swift */; };
		2EA28467259A06740097DA79 /* Extensions.swift in Sources */ = {isa = PBXBuildFile; fileRef = 2EA2841D259A06740097DA79 /* Extensions.swift */; };
		2EA28468259A06740097DA79 /* ReplaceMe.swift in Sources */ = {isa = PBXBuildFile; fileRef = 2EA2841E259A06740097DA79 /* ReplaceMe.swift */; };
		2EA28469259A06740097DA79 /* Manager.swift in Sources */ = {isa = PBXBuildFile; fileRef = 2EA28420259A06740097DA79 /* Manager.swift */; };
		2EA2846A259A06740097DA79 /* Markers.swift in Sources */ = {isa = PBXBuildFile; fileRef = 2EA28421259A06740097DA79 /* Markers.swift */; };
		2EA2846B259A06740097DA79 /* EvincedTree.swift in Sources */ = {isa = PBXBuildFile; fileRef = 2EA28422259A06740097DA79 /* EvincedTree.swift */; };
		2EA2846C259A06740097DA79 /* Logger.swift in Sources */ = {isa = PBXBuildFile; fileRef = 2EA28423259A06740097DA79 /* Logger.swift */; };
		2EA2846D259A06740097DA79 /* Analyzer.swift in Sources */ = {isa = PBXBuildFile; fileRef = 2EA28424259A06740097DA79 /* Analyzer.swift */; };
		2EA2846E259A06740097DA79 /* Screen.swift in Sources */ = {isa = PBXBuildFile; fileRef = 2EA28425259A06740097DA79 /* Screen.swift */; };
		2EA2846F259A06740097DA79 /* Problems.swift in Sources */ = {isa = PBXBuildFile; fileRef = 2EA28426259A06740097DA79 /* Problems.swift */; };
		2EA28470259A06740097DA79 /* Validators.swift in Sources */ = {isa = PBXBuildFile; fileRef = 2EA28427259A06740097DA79 /* Validators.swift */; };
		2EA28471259A06740097DA79 /* Utils.swift in Sources */ = {isa = PBXBuildFile; fileRef = 2EA28428259A06740097DA79 /* Utils.swift */; };
		2EA28472259A06740097DA79 /* ViewControllerUtils.swift in Sources */ = {isa = PBXBuildFile; fileRef = 2EA28429259A06740097DA79 /* ViewControllerUtils.swift */; };
		2EA28473259A06740097DA79 /* ViewElement.swift in Sources */ = {isa = PBXBuildFile; fileRef = 2EA2842A259A06740097DA79 /* ViewElement.swift */; };
		2EA28476259A06740097DA79 /* Assets.xcassets in Resources */ = {isa = PBXBuildFile; fileRef = 2EA2842E259A06740097DA79 /* Assets.xcassets */; };
		2EA73EEC259283EB002B7169 /* ViewController2.swift in Sources */ = {isa = PBXBuildFile; fileRef = 2EA73EEB259283EB002B7169 /* ViewController2.swift */; };
		2EA73EFB259284C2002B7169 /* LaunchScreen.storyboard in Resources */ = {isa = PBXBuildFile; fileRef = 2EA73EFD259284C2002B7169 /* LaunchScreen.storyboard */; };
		2EA73F072592853A002B7169 /* Assets.xcassets in Resources */ = {isa = PBXBuildFile; fileRef = 2EA73F062592853A002B7169 /* Assets.xcassets */; };
		2EA73F1C2594ED45002B7169 /* AppDelegate.m in Sources */ = {isa = PBXBuildFile; fileRef = 2EA73F1B2594ED45002B7169 /* AppDelegate.m */; };
		2EA73F1F2594ED45002B7169 /* SceneDelegate.m in Sources */ = {isa = PBXBuildFile; fileRef = 2EA73F1E2594ED45002B7169 /* SceneDelegate.m */; };
		2EA73F222594ED45002B7169 /* ViewController.m in Sources */ = {isa = PBXBuildFile; fileRef = 2EA73F212594ED45002B7169 /* ViewController.m */; };
		2EA73F252594ED45002B7169 /* Main.storyboard in Resources */ = {isa = PBXBuildFile; fileRef = 2EA73F232594ED45002B7169 /* Main.storyboard */; };
		2EA73F272594ED48002B7169 /* Assets.xcassets in Resources */ = {isa = PBXBuildFile; fileRef = 2EA73F262594ED48002B7169 /* Assets.xcassets */; };
		2EA73F2A2594ED48002B7169 /* LaunchScreen.storyboard in Resources */ = {isa = PBXBuildFile; fileRef = 2EA73F282594ED48002B7169 /* LaunchScreen.storyboard */; };
		2EA73F2D2594ED48002B7169 /* main.m in Sources */ = {isa = PBXBuildFile; fileRef = 2EA73F2C2594ED48002B7169 /* main.m */; };
		2EE1F45E25BEE85E0080CBAC /* FrameViewController.swift in Sources */ = {isa = PBXBuildFile; fileRef = 2EE1F45D25BEE85E0080CBAC /* FrameViewController.swift */; };
		2EE1F46825BEE8C00080CBAC /* IpEnterViewController.swift in Sources */ = {isa = PBXBuildFile; fileRef = 2EE1F46725BEE8C00080CBAC /* IpEnterViewController.swift */; };
		2EE1F4B325BF03C40080CBAC /* ViewModelProtocols.swift in Sources */ = {isa = PBXBuildFile; fileRef = 2EE1F4B225BF03C40080CBAC /* ViewModelProtocols.swift */; };
		2EE1F4CE25BF0FE40080CBAC /* ManualEnterViewController.swift in Sources */ = {isa = PBXBuildFile; fileRef = 2EE1F4CD25BF0FE40080CBAC /* ManualEnterViewController.swift */; };
		2EE1F50825BF61390080CBAC /* ConnectionStatusViewController.swift in Sources */ = {isa = PBXBuildFile; fileRef = 2EE1F50725BF61390080CBAC /* ConnectionStatusViewController.swift */; };
		2EE1F52125BF6EED0080CBAC /* Assets.xcassets in Resources */ = {isa = PBXBuildFile; fileRef = 2EA2842E259A06740097DA79 /* Assets.xcassets */; };
		2EE1F52625BF6EEE0080CBAC /* Assets.xcassets in Resources */ = {isa = PBXBuildFile; fileRef = 2EA2842E259A06740097DA79 /* Assets.xcassets */; };
		2EE1F52C25BF6F590080CBAC /* StandardIpEnterViewModel.swift in Sources */ = {isa = PBXBuildFile; fileRef = 2EE1F52B25BF6F590080CBAC /* StandardIpEnterViewModel.swift */; };
		2EE1F53625BF6FD40080CBAC /* StandardFrameViewModel.swift in Sources */ = {isa = PBXBuildFile; fileRef = 2EE1F53525BF6FD40080CBAC /* StandardFrameViewModel.swift */; };
		2EE1F53C25BF6FEF0080CBAC /* StandardQrReadViewModel.swift in Sources */ = {isa = PBXBuildFile; fileRef = 2EE1F53B25BF6FEF0080CBAC /* StandardQrReadViewModel.swift */; };
		2EE1F54225BF70220080CBAC /* StandardManualEnterViewModel.swift in Sources */ = {isa = PBXBuildFile; fileRef = 2EE1F54125BF70220080CBAC /* StandardManualEnterViewModel.swift */; };
		2EE1F54825BF707C0080CBAC /* StandardConnectionStatusViewModel.swift in Sources */ = {isa = PBXBuildFile; fileRef = 2EE1F54725BF707C0080CBAC /* StandardConnectionStatusViewModel.swift */; };
		2EE1F54E25BF70A60080CBAC /* StandardPageViewProvider.swift in Sources */ = {isa = PBXBuildFile; fileRef = 2EE1F54D25BF70A60080CBAC /* StandardPageViewProvider.swift */; };
		2EE1F58425C020200080CBAC /* UIExtensions.swift in Sources */ = {isa = PBXBuildFile; fileRef = 2EE1F58325C020200080CBAC /* UIExtensions.swift */; };
		57733C98327721AB189FAB39 /* Pods_Evinced_Example_Swift_Evinced_Example_ObjC.framework in Frameworks */ = {isa = PBXBuildFile; fileRef = 69B4DB937A69AEA462C272A0 /* Pods_Evinced_Example_Swift_Evinced_Example_ObjC.framework */; };
		607FACD61AFB9204008FA782 /* AppDelegate.swift in Sources */ = {isa = PBXBuildFile; fileRef = 607FACD51AFB9204008FA782 /* AppDelegate.swift */; };
		607FACD81AFB9204008FA782 /* ViewController.swift in Sources */ = {isa = PBXBuildFile; fileRef = 607FACD71AFB9204008FA782 /* ViewController.swift */; };
		607FACDB1AFB9204008FA782 /* Main.storyboard in Resources */ = {isa = PBXBuildFile; fileRef = 607FACD91AFB9204008FA782 /* Main.storyboard */; };
		A36FBB7F5A2530EBE67615FF /* Pods_Evinced_Example_Swift.framework in Frameworks */ = {isa = PBXBuildFile; fileRef = 3ACEA371FA892DFFA59BC3F8 /* Pods_Evinced_Example_Swift.framework */; };
/* End PBXBuildFile section */

/* Begin PBXFileReference section */
		019FD4FB6952C5471CE8A55B /* Pods-Evinced_Example_Swift-Evinced_Example_ObjC.debug.xcconfig */ = {isa = PBXFileReference; includeInIndex = 1; lastKnownFileType = text.xcconfig; name = "Pods-Evinced_Example_Swift-Evinced_Example_ObjC.debug.xcconfig"; path = "Target Support Files/Pods-Evinced_Example_Swift-Evinced_Example_ObjC/Pods-Evinced_Example_Swift-Evinced_Example_ObjC.debug.xcconfig"; sourceTree = "<group>"; };
		05EFE03496225B641151833E /* LICENSE */ = {isa = PBXFileReference; includeInIndex = 1; lastKnownFileType = text; name = LICENSE; path = ../LICENSE; sourceTree = "<group>"; };
		0FE7B6A3A99F9E65D75D8C17 /* README.md */ = {isa = PBXFileReference; includeInIndex = 1; lastKnownFileType = net.daringfireball.markdown; name = README.md; path = ../README.md; sourceTree = "<group>"; };
		1F4ECC6B66387FAF0B07C0DA /* Pods-Evinced_Example.release.xcconfig */ = {isa = PBXFileReference; includeInIndex = 1; lastKnownFileType = text.xcconfig; name = "Pods-Evinced_Example.release.xcconfig"; path = "Target Support Files/Pods-Evinced_Example/Pods-Evinced_Example.release.xcconfig"; sourceTree = "<group>"; };
		231A062DA26A2CE6649CA163 /* Pods-Evinced_Example.debug.xcconfig */ = {isa = PBXFileReference; includeInIndex = 1; lastKnownFileType = text.xcconfig; name = "Pods-Evinced_Example.debug.xcconfig"; path = "Target Support Files/Pods-Evinced_Example/Pods-Evinced_Example.debug.xcconfig"; sourceTree = "<group>"; };
		2EA283D4259A06740097DA79 /* SnapshotActionSheetUtils.swift */ = {isa = PBXFileReference; fileEncoding = 4; lastKnownFileType = sourcecode.swift; path = SnapshotActionSheetUtils.swift; sourceTree = "<group>"; };
		2EA283D5259A06740097DA79 /* SnapshotViewController.swift */ = {isa = PBXFileReference; fileEncoding = 4; lastKnownFileType = sourcecode.swift; path = SnapshotViewController.swift; sourceTree = "<group>"; };
		2EA283D6259A06740097DA79 /* RangeSlider.swift */ = {isa = PBXFileReference; fileEncoding = 4; lastKnownFileType = sourcecode.swift; path = RangeSlider.swift; sourceTree = "<group>"; };
		2EA283D7259A06740097DA79 /* SnapshotView.swift */ = {isa = PBXFileReference; fileEncoding = 4; lastKnownFileType = sourcecode.swift; path = SnapshotView.swift; sourceTree = "<group>"; };
		2EA283D8259A06740097DA79 /* SnapshotViewConfiguration.swift */ = {isa = PBXFileReference; fileEncoding = 4; lastKnownFileType = sourcecode.swift; path = SnapshotViewConfiguration.swift; sourceTree = "<group>"; };
		2EA283DA259A06740097DA79 /* HierarchyViewConfiguration.swift */ = {isa = PBXFileReference; fileEncoding = 4; lastKnownFileType = sourcecode.swift; path = HierarchyViewConfiguration.swift; sourceTree = "<group>"; };
		2EA283DB259A06740097DA79 /* ParallelLineView.swift */ = {isa = PBXFileReference; fileEncoding = 4; lastKnownFileType = sourcecode.swift; path = ParallelLineView.swift; sourceTree = "<group>"; };
		2EA283DC259A06740097DA79 /* TreeTableViewDataSource.swift */ = {isa = PBXFileReference; fileEncoding = 4; lastKnownFileType = sourcecode.swift; path = TreeTableViewDataSource.swift; sourceTree = "<group>"; };
		2EA283DD259A06740097DA79 /* HierarchyTableViewCell.swift */ = {isa = PBXFileReference; fileEncoding = 4; lastKnownFileType = sourcecode.swift; path = HierarchyTableViewCell.swift; sourceTree = "<group>"; };
		2EA283DE259A06740097DA79 /* HierarchyTableViewController.swift */ = {isa = PBXFileReference; fileEncoding = 4; lastKnownFileType = sourcecode.swift; path = HierarchyTableViewController.swift; sourceTree = "<group>"; };
		2EA283E3259A06740097DA79 /* Menu.swift */ = {isa = PBXFileReference; fileEncoding = 4; lastKnownFileType = sourcecode.swift; path = Menu.swift; sourceTree = "<group>"; };
		2EA283E6259A06740097DA79 /* ScannerViewController.swift */ = {isa = PBXFileReference; fileEncoding = 4; lastKnownFileType = sourcecode.swift; path = ScannerViewController.swift; sourceTree = "<group>"; };
		2EA283E7259A06740097DA79 /* VIewDebuggerViewController.swift */ = {isa = PBXFileReference; fileEncoding = 4; lastKnownFileType = sourcecode.swift; path = VIewDebuggerViewController.swift; sourceTree = "<group>"; };
		2EA283E8259A06740097DA79 /* Configuration.swift */ = {isa = PBXFileReference; fileEncoding = 4; lastKnownFileType = sourcecode.swift; path = Configuration.swift; sourceTree = "<group>"; };
		2EA283E9259A06740097DA79 /* EvincedEngine.swift */ = {isa = PBXFileReference; fileEncoding = 4; lastKnownFileType = sourcecode.swift; path = EvincedEngine.swift; sourceTree = "<group>"; };
		2EA283EA259A06740097DA79 /* Snapshot.swift */ = {isa = PBXFileReference; fileEncoding = 4; lastKnownFileType = sourcecode.swift; path = Snapshot.swift; sourceTree = "<group>"; };
		2EA283EB259A06740097DA79 /* Evinced.h */ = {isa = PBXFileReference; fileEncoding = 4; lastKnownFileType = sourcecode.c.h; path = Evinced.h; sourceTree = "<group>"; };
		2EA283EE259A06740097DA79 /* Socket.swift */ = {isa = PBXFileReference; fileEncoding = 4; lastKnownFileType = sourcecode.swift; path = Socket.swift; sourceTree = "<group>"; };
		2EA283F3259A06740097DA79 /* Transport.swift */ = {isa = PBXFileReference; fileEncoding = 4; lastKnownFileType = sourcecode.swift; path = Transport.swift; sourceTree = "<group>"; };
		2EA283F4259A06740097DA79 /* FoundationTransport.swift */ = {isa = PBXFileReference; fileEncoding = 4; lastKnownFileType = sourcecode.swift; path = FoundationTransport.swift; sourceTree = "<group>"; };
		2EA283F5259A06740097DA79 /* TCPTransport.swift */ = {isa = PBXFileReference; fileEncoding = 4; lastKnownFileType = sourcecode.swift; path = TCPTransport.swift; sourceTree = "<group>"; };
		2EA283F7259A06740097DA79 /* Security.swift */ = {isa = PBXFileReference; fileEncoding = 4; lastKnownFileType = sourcecode.swift; path = Security.swift; sourceTree = "<group>"; };
		2EA283F8259A06740097DA79 /* FoundationSecurity.swift */ = {isa = PBXFileReference; fileEncoding = 4; lastKnownFileType = sourcecode.swift; path = FoundationSecurity.swift; sourceTree = "<group>"; };
		2EA283FA259A06740097DA79 /* Data+Extensions.swift */ = {isa = PBXFileReference; fileEncoding = 4; lastKnownFileType = sourcecode.swift; path = "Data+Extensions.swift"; sourceTree = "<group>"; };
		2EA283FC259A06740097DA79 /* Server.swift */ = {isa = PBXFileReference; fileEncoding = 4; lastKnownFileType = sourcecode.swift; path = Server.swift; sourceTree = "<group>"; };
		2EA283FD259A06740097DA79 /* WebSocketServer.swift */ = {isa = PBXFileReference; fileEncoding = 4; lastKnownFileType = sourcecode.swift; path = WebSocketServer.swift; sourceTree = "<group>"; };
		2EA283FF259A06740097DA79 /* FoundationHTTPHandler.swift */ = {isa = PBXFileReference; fileEncoding = 4; lastKnownFileType = sourcecode.swift; path = FoundationHTTPHandler.swift; sourceTree = "<group>"; };
		2EA28400259A06740097DA79 /* HTTPHandler.swift */ = {isa = PBXFileReference; fileEncoding = 4; lastKnownFileType = sourcecode.swift; path = HTTPHandler.swift; sourceTree = "<group>"; };
		2EA28401259A06740097DA79 /* FrameCollector.swift */ = {isa = PBXFileReference; fileEncoding = 4; lastKnownFileType = sourcecode.swift; path = FrameCollector.swift; sourceTree = "<group>"; };
		2EA28402259A06740097DA79 /* StringHTTPHandler.swift */ = {isa = PBXFileReference; fileEncoding = 4; lastKnownFileType = sourcecode.swift; path = StringHTTPHandler.swift; sourceTree = "<group>"; };
		2EA28403259A06740097DA79 /* FoundationHTTPServerHandler.swift */ = {isa = PBXFileReference; fileEncoding = 4; lastKnownFileType = sourcecode.swift; path = FoundationHTTPServerHandler.swift; sourceTree = "<group>"; };
		2EA28404259A06740097DA79 /* Framer.swift */ = {isa = PBXFileReference; fileEncoding = 4; lastKnownFileType = sourcecode.swift; path = Framer.swift; sourceTree = "<group>"; };
		2EA28406259A06740097DA79 /* Compression.swift */ = {isa = PBXFileReference; fileEncoding = 4; lastKnownFileType = sourcecode.swift; path = Compression.swift; sourceTree = "<group>"; };
		2EA28407259A06740097DA79 /* WSCompression.swift */ = {isa = PBXFileReference; fileEncoding = 4; lastKnownFileType = sourcecode.swift; path = WSCompression.swift; sourceTree = "<group>"; };
		2EA28409259A06740097DA79 /* WebSocket.swift */ = {isa = PBXFileReference; fileEncoding = 4; lastKnownFileType = sourcecode.swift; path = WebSocket.swift; sourceTree = "<group>"; };
		2EA2840B259A06740097DA79 /* Engine.swift */ = {isa = PBXFileReference; fileEncoding = 4; lastKnownFileType = sourcecode.swift; path = Engine.swift; sourceTree = "<group>"; };
		2EA2840C259A06740097DA79 /* NativeEngine.swift */ = {isa = PBXFileReference; fileEncoding = 4; lastKnownFileType = sourcecode.swift; path = NativeEngine.swift; sourceTree = "<group>"; };
		2EA2840D259A06740097DA79 /* WSEngine.swift */ = {isa = PBXFileReference; fileEncoding = 4; lastKnownFileType = sourcecode.swift; path = WSEngine.swift; sourceTree = "<group>"; };
		2EA2840F259A06740097DA79 /* JSONEquality.swift */ = {isa = PBXFileReference; fileEncoding = 4; lastKnownFileType = sourcecode.swift; path = JSONEquality.swift; sourceTree = "<group>"; };
		2EA28410259A06740097DA79 /* JSONElement.swift */ = {isa = PBXFileReference; fileEncoding = 4; lastKnownFileType = sourcecode.swift; path = JSONElement.swift; sourceTree = "<group>"; };
		2EA28411259A06740097DA79 /* JSONPointer.swift */ = {isa = PBXFileReference; fileEncoding = 4; lastKnownFileType = sourcecode.swift; path = JSONPointer.swift; sourceTree = "<group>"; };
		2EA28412259A06740097DA79 /* JSONPatch.swift */ = {isa = PBXFileReference; fileEncoding = 4; lastKnownFileType = sourcecode.swift; path = JSONPatch.swift; sourceTree = "<group>"; };
		2EA28413259A06740097DA79 /* JSONPatchCodable.swift */ = {isa = PBXFileReference; fileEncoding = 4; lastKnownFileType = sourcecode.swift; path = JSONPatchCodable.swift; sourceTree = "<group>"; };
		2EA28414259A06740097DA79 /* JSONPatchGenerator.swift */ = {isa = PBXFileReference; fileEncoding = 4; lastKnownFileType = sourcecode.swift; path = JSONPatchGenerator.swift; sourceTree = "<group>"; };
		2EA28415259A06740097DA79 /* JSONError.swift */ = {isa = PBXFileReference; fileEncoding = 4; lastKnownFileType = sourcecode.swift; path = JSONError.swift; sourceTree = "<group>"; };
		2EA28416259A06740097DA79 /* NSArray+DeepCopy.swift */ = {isa = PBXFileReference; fileEncoding = 4; lastKnownFileType = sourcecode.swift; path = "NSArray+DeepCopy.swift"; sourceTree = "<group>"; };
		2EA28417259A06740097DA79 /* NSDictionary+DeepCopy.swift */ = {isa = PBXFileReference; fileEncoding = 4; lastKnownFileType = sourcecode.swift; path = "NSDictionary+DeepCopy.swift"; sourceTree = "<group>"; };
		2EA2841A259A06740097DA79 /* Codables.swift */ = {isa = PBXFileReference; fileEncoding = 4; lastKnownFileType = sourcecode.swift; path = Codables.swift; sourceTree = "<group>"; };
		2EA2841B259A06740097DA79 /* Element.swift */ = {isa = PBXFileReference; fileEncoding = 4; lastKnownFileType = sourcecode.swift; path = Element.swift; sourceTree = "<group>"; };
		2EA2841C259A06740097DA79 /* Locker.swift */ = {isa = PBXFileReference; fileEncoding = 4; lastKnownFileType = sourcecode.swift; path = Locker.swift; sourceTree = "<group>"; };
		2EA2841D259A06740097DA79 /* Extensions.swift */ = {isa = PBXFileReference; fileEncoding = 4; lastKnownFileType = sourcecode.swift; path = Extensions.swift; sourceTree = "<group>"; };
		2EA2841E259A06740097DA79 /* ReplaceMe.swift */ = {isa = PBXFileReference; fileEncoding = 4; lastKnownFileType = sourcecode.swift; path = ReplaceMe.swift; sourceTree = "<group>"; };
		2EA28420259A06740097DA79 /* Manager.swift */ = {isa = PBXFileReference; fileEncoding = 4; lastKnownFileType = sourcecode.swift; path = Manager.swift; sourceTree = "<group>"; };
		2EA28421259A06740097DA79 /* Markers.swift */ = {isa = PBXFileReference; fileEncoding = 4; lastKnownFileType = sourcecode.swift; path = Markers.swift; sourceTree = "<group>"; };
		2EA28422259A06740097DA79 /* EvincedTree.swift */ = {isa = PBXFileReference; fileEncoding = 4; lastKnownFileType = sourcecode.swift; path = EvincedTree.swift; sourceTree = "<group>"; };
		2EA28423259A06740097DA79 /* Logger.swift */ = {isa = PBXFileReference; fileEncoding = 4; lastKnownFileType = sourcecode.swift; path = Logger.swift; sourceTree = "<group>"; };
		2EA28424259A06740097DA79 /* Analyzer.swift */ = {isa = PBXFileReference; fileEncoding = 4; lastKnownFileType = sourcecode.swift; path = Analyzer.swift; sourceTree = "<group>"; };
		2EA28425259A06740097DA79 /* Screen.swift */ = {isa = PBXFileReference; fileEncoding = 4; lastKnownFileType = sourcecode.swift; path = Screen.swift; sourceTree = "<group>"; };
		2EA28426259A06740097DA79 /* Problems.swift */ = {isa = PBXFileReference; fileEncoding = 4; lastKnownFileType = sourcecode.swift; path = Problems.swift; sourceTree = "<group>"; };
		2EA28427259A06740097DA79 /* Validators.swift */ = {isa = PBXFileReference; fileEncoding = 4; lastKnownFileType = sourcecode.swift; path = Validators.swift; sourceTree = "<group>"; };
		2EA28428259A06740097DA79 /* Utils.swift */ = {isa = PBXFileReference; fileEncoding = 4; lastKnownFileType = sourcecode.swift; path = Utils.swift; sourceTree = "<group>"; };
		2EA28429259A06740097DA79 /* ViewControllerUtils.swift */ = {isa = PBXFileReference; fileEncoding = 4; lastKnownFileType = sourcecode.swift; path = ViewControllerUtils.swift; sourceTree = "<group>"; };
		2EA2842A259A06740097DA79 /* ViewElement.swift */ = {isa = PBXFileReference; fileEncoding = 4; lastKnownFileType = sourcecode.swift; path = ViewElement.swift; sourceTree = "<group>"; };
		2EA2842B259A06740097DA79 /* Info.plist */ = {isa = PBXFileReference; fileEncoding = 4; lastKnownFileType = text.plist.xml; path = Info.plist; sourceTree = "<group>"; };
		2EA2842E259A06740097DA79 /* Assets.xcassets */ = {isa = PBXFileReference; lastKnownFileType = folder.assetcatalog; path = Assets.xcassets; sourceTree = "<group>"; };
		2EA73EEB259283EB002B7169 /* ViewController2.swift */ = {isa = PBXFileReference; fileEncoding = 4; lastKnownFileType = sourcecode.swift; path = ViewController2.swift; sourceTree = "<group>"; };
		2EA73EFC259284C2002B7169 /* Base */ = {isa = PBXFileReference; lastKnownFileType = file.storyboard; name = Base; path = Base.lproj/LaunchScreen.storyboard; sourceTree = "<group>"; };
		2EA73F062592853A002B7169 /* Assets.xcassets */ = {isa = PBXFileReference; lastKnownFileType = folder.assetcatalog; path = Assets.xcassets; sourceTree = "<group>"; };
		2EA73F182594ED45002B7169 /* Evinced_Example_ObjC.app */ = {isa = PBXFileReference; explicitFileType = wrapper.application; includeInIndex = 0; path = Evinced_Example_ObjC.app; sourceTree = BUILT_PRODUCTS_DIR; };
		2EA73F1A2594ED45002B7169 /* AppDelegate.h */ = {isa = PBXFileReference; lastKnownFileType = sourcecode.c.h; path = AppDelegate.h; sourceTree = "<group>"; };
		2EA73F1B2594ED45002B7169 /* AppDelegate.m */ = {isa = PBXFileReference; lastKnownFileType = sourcecode.c.objc; path = AppDelegate.m; sourceTree = "<group>"; };
		2EA73F1D2594ED45002B7169 /* SceneDelegate.h */ = {isa = PBXFileReference; lastKnownFileType = sourcecode.c.h; path = SceneDelegate.h; sourceTree = "<group>"; };
		2EA73F1E2594ED45002B7169 /* SceneDelegate.m */ = {isa = PBXFileReference; lastKnownFileType = sourcecode.c.objc; path = SceneDelegate.m; sourceTree = "<group>"; };
		2EA73F202594ED45002B7169 /* ViewController.h */ = {isa = PBXFileReference; lastKnownFileType = sourcecode.c.h; path = ViewController.h; sourceTree = "<group>"; };
		2EA73F212594ED45002B7169 /* ViewController.m */ = {isa = PBXFileReference; lastKnownFileType = sourcecode.c.objc; path = ViewController.m; sourceTree = "<group>"; };
		2EA73F242594ED45002B7169 /* Base */ = {isa = PBXFileReference; lastKnownFileType = file.storyboard; name = Base; path = Base.lproj/Main.storyboard; sourceTree = "<group>"; };
		2EA73F262594ED48002B7169 /* Assets.xcassets */ = {isa = PBXFileReference; lastKnownFileType = folder.assetcatalog; path = Assets.xcassets; sourceTree = "<group>"; };
		2EA73F292594ED48002B7169 /* Base */ = {isa = PBXFileReference; lastKnownFileType = file.storyboard; name = Base; path = Base.lproj/LaunchScreen.storyboard; sourceTree = "<group>"; };
		2EA73F2B2594ED48002B7169 /* Info.plist */ = {isa = PBXFileReference; lastKnownFileType = text.plist.xml; path = Info.plist; sourceTree = "<group>"; };
		2EA73F2C2594ED48002B7169 /* main.m */ = {isa = PBXFileReference; lastKnownFileType = sourcecode.c.objc; path = main.m; sourceTree = "<group>"; };
		2EA740612599F97D002B7169 /* Evinced.framework */ = {isa = PBXFileReference; explicitFileType = wrapper.framework; includeInIndex = 0; path = Evinced.framework; sourceTree = BUILT_PRODUCTS_DIR; };
		2EE1F45D25BEE85E0080CBAC /* FrameViewController.swift */ = {isa = PBXFileReference; lastKnownFileType = sourcecode.swift; path = FrameViewController.swift; sourceTree = "<group>"; };
		2EE1F46725BEE8C00080CBAC /* IpEnterViewController.swift */ = {isa = PBXFileReference; lastKnownFileType = sourcecode.swift; path = IpEnterViewController.swift; sourceTree = "<group>"; };
		2EE1F4B225BF03C40080CBAC /* ViewModelProtocols.swift */ = {isa = PBXFileReference; lastKnownFileType = sourcecode.swift; path = ViewModelProtocols.swift; sourceTree = "<group>"; };
		2EE1F4CD25BF0FE40080CBAC /* ManualEnterViewController.swift */ = {isa = PBXFileReference; lastKnownFileType = sourcecode.swift; path = ManualEnterViewController.swift; sourceTree = "<group>"; };
		2EE1F50725BF61390080CBAC /* ConnectionStatusViewController.swift */ = {isa = PBXFileReference; lastKnownFileType = sourcecode.swift; path = ConnectionStatusViewController.swift; sourceTree = "<group>"; };
		2EE1F52B25BF6F590080CBAC /* StandardIpEnterViewModel.swift */ = {isa = PBXFileReference; lastKnownFileType = sourcecode.swift; path = StandardIpEnterViewModel.swift; sourceTree = "<group>"; };
		2EE1F53525BF6FD40080CBAC /* StandardFrameViewModel.swift */ = {isa = PBXFileReference; lastKnownFileType = sourcecode.swift; path = StandardFrameViewModel.swift; sourceTree = "<group>"; };
		2EE1F53B25BF6FEF0080CBAC /* StandardQrReadViewModel.swift */ = {isa = PBXFileReference; lastKnownFileType = sourcecode.swift; path = StandardQrReadViewModel.swift; sourceTree = "<group>"; };
		2EE1F54125BF70220080CBAC /* StandardManualEnterViewModel.swift */ = {isa = PBXFileReference; lastKnownFileType = sourcecode.swift; path = StandardManualEnterViewModel.swift; sourceTree = "<group>"; };
		2EE1F54725BF707C0080CBAC /* StandardConnectionStatusViewModel.swift */ = {isa = PBXFileReference; lastKnownFileType = sourcecode.swift; path = StandardConnectionStatusViewModel.swift; sourceTree = "<group>"; };
		2EE1F54D25BF70A60080CBAC /* StandardPageViewProvider.swift */ = {isa = PBXFileReference; lastKnownFileType = sourcecode.swift; path = StandardPageViewProvider.swift; sourceTree = "<group>"; };
		2EE1F58325C020200080CBAC /* UIExtensions.swift */ = {isa = PBXFileReference; lastKnownFileType = sourcecode.swift; path = UIExtensions.swift; sourceTree = "<group>"; };
		3ACEA371FA892DFFA59BC3F8 /* Pods_Evinced_Example_Swift.framework */ = {isa = PBXFileReference; explicitFileType = wrapper.framework; includeInIndex = 0; path = Pods_Evinced_Example_Swift.framework; sourceTree = BUILT_PRODUCTS_DIR; };
		607FACD01AFB9204008FA782 /* Evinced_Example_Swift.app */ = {isa = PBXFileReference; explicitFileType = wrapper.application; includeInIndex = 0; path = Evinced_Example_Swift.app; sourceTree = BUILT_PRODUCTS_DIR; };
		607FACD41AFB9204008FA782 /* Info.plist */ = {isa = PBXFileReference; lastKnownFileType = text.plist.xml; path = Info.plist; sourceTree = "<group>"; };
		607FACD51AFB9204008FA782 /* AppDelegate.swift */ = {isa = PBXFileReference; lastKnownFileType = sourcecode.swift; path = AppDelegate.swift; sourceTree = "<group>"; };
		607FACD71AFB9204008FA782 /* ViewController.swift */ = {isa = PBXFileReference; lastKnownFileType = sourcecode.swift; path = ViewController.swift; sourceTree = "<group>"; };
		607FACDA1AFB9204008FA782 /* Base */ = {isa = PBXFileReference; lastKnownFileType = file.storyboard; name = Base; path = Base.lproj/Main.storyboard; sourceTree = "<group>"; };
		69B4DB937A69AEA462C272A0 /* Pods_Evinced_Example_Swift_Evinced_Example_ObjC.framework */ = {isa = PBXFileReference; explicitFileType = wrapper.framework; includeInIndex = 0; path = Pods_Evinced_Example_Swift_Evinced_Example_ObjC.framework; sourceTree = BUILT_PRODUCTS_DIR; };
		8A16EC11D19BE00F709ABECA /* Evinced.podspec */ = {isa = PBXFileReference; includeInIndex = 1; lastKnownFileType = text; name = Evinced.podspec; path = ../Evinced.podspec; sourceTree = "<group>"; xcLanguageSpecificationIdentifier = xcode.lang.ruby; };
		8A4AD716A2EDF90FE0AE8694 /* Pods-Evinced_Example_Swift.debug.xcconfig */ = {isa = PBXFileReference; includeInIndex = 1; lastKnownFileType = text.xcconfig; name = "Pods-Evinced_Example_Swift.debug.xcconfig"; path = "Target Support Files/Pods-Evinced_Example_Swift/Pods-Evinced_Example_Swift.debug.xcconfig"; sourceTree = "<group>"; };
		AA0A19BFED195ABFD969CA34 /* Pods-Evinced_Example_Swift-Evinced_Example_ObjC.release.xcconfig */ = {isa = PBXFileReference; includeInIndex = 1; lastKnownFileType = text.xcconfig; name = "Pods-Evinced_Example_Swift-Evinced_Example_ObjC.release.xcconfig"; path = "Target Support Files/Pods-Evinced_Example_Swift-Evinced_Example_ObjC/Pods-Evinced_Example_Swift-Evinced_Example_ObjC.release.xcconfig"; sourceTree = "<group>"; };
		BE01F099C13C4C3F4D2A748B /* Pods-Evinced_Tests.debug.xcconfig */ = {isa = PBXFileReference; includeInIndex = 1; lastKnownFileType = text.xcconfig; name = "Pods-Evinced_Tests.debug.xcconfig"; path = "Target Support Files/Pods-Evinced_Tests/Pods-Evinced_Tests.debug.xcconfig"; sourceTree = "<group>"; };
		BECC82A66EA265522EB45E9B /* Pods-Evinced_Example_Swift.release.xcconfig */ = {isa = PBXFileReference; includeInIndex = 1; lastKnownFileType = text.xcconfig; name = "Pods-Evinced_Example_Swift.release.xcconfig"; path = "Target Support Files/Pods-Evinced_Example_Swift/Pods-Evinced_Example_Swift.release.xcconfig"; sourceTree = "<group>"; };
		DF7EAD55474A7261F656C5C0 /* Pods_Evinced_Tests.framework */ = {isa = PBXFileReference; explicitFileType = wrapper.framework; includeInIndex = 0; path = Pods_Evinced_Tests.framework; sourceTree = BUILT_PRODUCTS_DIR; };
		F5897869E13035235C5D9EBA /* Pods-Evinced_Tests.release.xcconfig */ = {isa = PBXFileReference; includeInIndex = 1; lastKnownFileType = text.xcconfig; name = "Pods-Evinced_Tests.release.xcconfig"; path = "Target Support Files/Pods-Evinced_Tests/Pods-Evinced_Tests.release.xcconfig"; sourceTree = "<group>"; };
/* End PBXFileReference section */

/* Begin PBXFrameworksBuildPhase section */
		2EA73F152594ED45002B7169 /* Frameworks */ = {
			isa = PBXFrameworksBuildPhase;
			buildActionMask = 2147483647;
			files = (
				57733C98327721AB189FAB39 /* Pods_Evinced_Example_Swift_Evinced_Example_ObjC.framework in Frameworks */,
			);
			runOnlyForDeploymentPostprocessing = 0;
		};
		2EA7405E2599F97D002B7169 /* Frameworks */ = {
			isa = PBXFrameworksBuildPhase;
			buildActionMask = 2147483647;
			files = (
			);
			runOnlyForDeploymentPostprocessing = 0;
		};
		607FACCD1AFB9204008FA782 /* Frameworks */ = {
			isa = PBXFrameworksBuildPhase;
			buildActionMask = 2147483647;
			files = (
				A36FBB7F5A2530EBE67615FF /* Pods_Evinced_Example_Swift.framework in Frameworks */,
			);
			runOnlyForDeploymentPostprocessing = 0;
		};
/* End PBXFrameworksBuildPhase section */

/* Begin PBXGroup section */
		2EA283D1259A06740097DA79 /* Classes */ = {
			isa = PBXGroup;
			children = (
				2EA283D2259A06740097DA79 /* UI */,
				2EA283E9259A06740097DA79 /* EvincedEngine.swift */,
				2EA283EA259A06740097DA79 /* Snapshot.swift */,
				2EA283EB259A06740097DA79 /* Evinced.h */,
				2EA283ED259A06740097DA79 /* Network */,
				2EA283EF259A06740097DA79 /* Libraries */,
				2EA28418259A06740097DA79 /* Objects */,
				2EA2841B259A06740097DA79 /* Element.swift */,
				2EA2841C259A06740097DA79 /* Locker.swift */,
				2EA2841D259A06740097DA79 /* Extensions.swift */,
				2EA2841E259A06740097DA79 /* ReplaceMe.swift */,
				2EA2841F259A06740097DA79 /* Manager */,
				2EA28428259A06740097DA79 /* Utils.swift */,
				2EA28429259A06740097DA79 /* ViewControllerUtils.swift */,
				2EA2842A259A06740097DA79 /* ViewElement.swift */,
			);
			path = Classes;
			sourceTree = "<group>";
		};
		2EA283D2259A06740097DA79 /* UI */ = {
			isa = PBXGroup;
			children = (
				2EE1F43F25BEBE7D0080CBAC /* Redesign */,
				2EA283D3259A06740097DA79 /* 3D */,
				2EA283D9259A06740097DA79 /* Table */,
				2EA283DF259A06740097DA79 /* Menu */,
				2EA283E7259A06740097DA79 /* VIewDebuggerViewController.swift */,
				2EA283E8259A06740097DA79 /* Configuration.swift */,
			);
			path = UI;
			sourceTree = "<group>";
		};
		2EA283D3259A06740097DA79 /* 3D */ = {
			isa = PBXGroup;
			children = (
				2EA283D4259A06740097DA79 /* SnapshotActionSheetUtils.swift */,
				2EA283D5259A06740097DA79 /* SnapshotViewController.swift */,
				2EA283D6259A06740097DA79 /* RangeSlider.swift */,
				2EA283D7259A06740097DA79 /* SnapshotView.swift */,
				2EA283D8259A06740097DA79 /* SnapshotViewConfiguration.swift */,
			);
			path = 3D;
			sourceTree = "<group>";
		};
		2EA283D9259A06740097DA79 /* Table */ = {
			isa = PBXGroup;
			children = (
				2EA283DA259A06740097DA79 /* HierarchyViewConfiguration.swift */,
				2EA283DB259A06740097DA79 /* ParallelLineView.swift */,
				2EA283DC259A06740097DA79 /* TreeTableViewDataSource.swift */,
				2EA283DD259A06740097DA79 /* HierarchyTableViewCell.swift */,
				2EA283DE259A06740097DA79 /* HierarchyTableViewController.swift */,
			);
			path = Table;
			sourceTree = "<group>";
		};
		2EA283DF259A06740097DA79 /* Menu */ = {
			isa = PBXGroup;
			children = (
				2EA283E3259A06740097DA79 /* Menu.swift */,
			);
			path = Menu;
			sourceTree = "<group>";
		};
		2EA283ED259A06740097DA79 /* Network */ = {
			isa = PBXGroup;
			children = (
				2EA283EE259A06740097DA79 /* Socket.swift */,
			);
			path = Network;
			sourceTree = "<group>";
		};
		2EA283EF259A06740097DA79 /* Libraries */ = {
			isa = PBXGroup;
			children = (
				2EA283F0259A06740097DA79 /* Starscream */,
				2EA2840E259A06740097DA79 /* JSONPatch */,
			);
			path = Libraries;
			sourceTree = "<group>";
		};
		2EA283F0259A06740097DA79 /* Starscream */ = {
			isa = PBXGroup;
			children = (
				2EA283F1259A06740097DA79 /* Sources */,
			);
			path = Starscream;
			sourceTree = "<group>";
		};
		2EA283F1259A06740097DA79 /* Sources */ = {
			isa = PBXGroup;
			children = (
				2EA283F2259A06740097DA79 /* Transport */,
				2EA283F6259A06740097DA79 /* Security */,
				2EA283F9259A06740097DA79 /* DataBytes */,
				2EA283FB259A06740097DA79 /* Server */,
				2EA283FE259A06740097DA79 /* Framer */,
				2EA28405259A06740097DA79 /* Compression */,
				2EA28408259A06740097DA79 /* Starscream */,
				2EA2840A259A06740097DA79 /* Engine */,
			);
			path = Sources;
			sourceTree = "<group>";
		};
		2EA283F2259A06740097DA79 /* Transport */ = {
			isa = PBXGroup;
			children = (
				2EA283F3259A06740097DA79 /* Transport.swift */,
				2EA283F4259A06740097DA79 /* FoundationTransport.swift */,
				2EA283F5259A06740097DA79 /* TCPTransport.swift */,
			);
			path = Transport;
			sourceTree = "<group>";
		};
		2EA283F6259A06740097DA79 /* Security */ = {
			isa = PBXGroup;
			children = (
				2EA283F7259A06740097DA79 /* Security.swift */,
				2EA283F8259A06740097DA79 /* FoundationSecurity.swift */,
			);
			path = Security;
			sourceTree = "<group>";
		};
		2EA283F9259A06740097DA79 /* DataBytes */ = {
			isa = PBXGroup;
			children = (
				2EA283FA259A06740097DA79 /* Data+Extensions.swift */,
			);
			path = DataBytes;
			sourceTree = "<group>";
		};
		2EA283FB259A06740097DA79 /* Server */ = {
			isa = PBXGroup;
			children = (
				2EA283FC259A06740097DA79 /* Server.swift */,
				2EA283FD259A06740097DA79 /* WebSocketServer.swift */,
			);
			path = Server;
			sourceTree = "<group>";
		};
		2EA283FE259A06740097DA79 /* Framer */ = {
			isa = PBXGroup;
			children = (
				2EA283FF259A06740097DA79 /* FoundationHTTPHandler.swift */,
				2EA28400259A06740097DA79 /* HTTPHandler.swift */,
				2EA28401259A06740097DA79 /* FrameCollector.swift */,
				2EA28402259A06740097DA79 /* StringHTTPHandler.swift */,
				2EA28403259A06740097DA79 /* FoundationHTTPServerHandler.swift */,
				2EA28404259A06740097DA79 /* Framer.swift */,
			);
			path = Framer;
			sourceTree = "<group>";
		};
		2EA28405259A06740097DA79 /* Compression */ = {
			isa = PBXGroup;
			children = (
				2EA28406259A06740097DA79 /* Compression.swift */,
				2EA28407259A06740097DA79 /* WSCompression.swift */,
			);
			path = Compression;
			sourceTree = "<group>";
		};
		2EA28408259A06740097DA79 /* Starscream */ = {
			isa = PBXGroup;
			children = (
				2EA28409259A06740097DA79 /* WebSocket.swift */,
			);
			path = Starscream;
			sourceTree = "<group>";
		};
		2EA2840A259A06740097DA79 /* Engine */ = {
			isa = PBXGroup;
			children = (
				2EA2840B259A06740097DA79 /* Engine.swift */,
				2EA2840C259A06740097DA79 /* NativeEngine.swift */,
				2EA2840D259A06740097DA79 /* WSEngine.swift */,
			);
			path = Engine;
			sourceTree = "<group>";
		};
		2EA2840E259A06740097DA79 /* JSONPatch */ = {
			isa = PBXGroup;
			children = (
				2EA2840F259A06740097DA79 /* JSONEquality.swift */,
				2EA28410259A06740097DA79 /* JSONElement.swift */,
				2EA28411259A06740097DA79 /* JSONPointer.swift */,
				2EA28412259A06740097DA79 /* JSONPatch.swift */,
				2EA28413259A06740097DA79 /* JSONPatchCodable.swift */,
				2EA28414259A06740097DA79 /* JSONPatchGenerator.swift */,
				2EA28415259A06740097DA79 /* JSONError.swift */,
				2EA28416259A06740097DA79 /* NSArray+DeepCopy.swift */,
				2EA28417259A06740097DA79 /* NSDictionary+DeepCopy.swift */,
			);
			path = JSONPatch;
			sourceTree = "<group>";
		};
		2EA28418259A06740097DA79 /* Objects */ = {
			isa = PBXGroup;
			children = (
				2EA2841A259A06740097DA79 /* Codables.swift */,
			);
			path = Objects;
			sourceTree = "<group>";
		};
		2EA2841F259A06740097DA79 /* Manager */ = {
			isa = PBXGroup;
			children = (
				2EA28420259A06740097DA79 /* Manager.swift */,
				2EA28421259A06740097DA79 /* Markers.swift */,
				2EA28422259A06740097DA79 /* EvincedTree.swift */,
				2EA28423259A06740097DA79 /* Logger.swift */,
				2EA28424259A06740097DA79 /* Analyzer.swift */,
				2EA28425259A06740097DA79 /* Screen.swift */,
				2EA28426259A06740097DA79 /* Problems.swift */,
				2EA28427259A06740097DA79 /* Validators.swift */,
			);
			path = Manager;
			sourceTree = "<group>";
		};
		2EA2842C259A06740097DA79 /* Assets */ = {
			isa = PBXGroup;
			children = (
				2EA2842E259A06740097DA79 /* Assets.xcassets */,
			);
			path = Assets;
			sourceTree = "<group>";
		};
		2EA73F192594ED45002B7169 /* Example for Evinced (ObjC) */ = {
			isa = PBXGroup;
			children = (
				2EA73F1A2594ED45002B7169 /* AppDelegate.h */,
				2EA73F1B2594ED45002B7169 /* AppDelegate.m */,
				2EA73F1D2594ED45002B7169 /* SceneDelegate.h */,
				2EA73F1E2594ED45002B7169 /* SceneDelegate.m */,
				2EA73F202594ED45002B7169 /* ViewController.h */,
				2EA73F212594ED45002B7169 /* ViewController.m */,
				2EA73F232594ED45002B7169 /* Main.storyboard */,
				2EA73F262594ED48002B7169 /* Assets.xcassets */,
				2EA73F282594ED48002B7169 /* LaunchScreen.storyboard */,
				2EA73F2B2594ED48002B7169 /* Info.plist */,
				2EA73F2C2594ED48002B7169 /* main.m */,
			);
			name = "Example for Evinced (ObjC)";
			path = "Evinced-ObjC";
			sourceTree = "<group>";
		};
		2EA740622599F97D002B7169 /* Evinced */ = {
			isa = PBXGroup;
			children = (
				2EA2842C259A06740097DA79 /* Assets */,
				2EA283D1259A06740097DA79 /* Classes */,
				2EA2842B259A06740097DA79 /* Info.plist */,
			);
			name = Evinced;
			path = ../Evinced;
			sourceTree = "<group>";
		};
		2EE1F43F25BEBE7D0080CBAC /* Redesign */ = {
			isa = PBXGroup;
			children = (
				2EE1F4B125BF035C0080CBAC /* ViewModels */,
				2EE1F45B25BEE8040080CBAC /* Views */,
			);
			path = Redesign;
			sourceTree = "<group>";
		};
		2EE1F45B25BEE8040080CBAC /* Views */ = {
			isa = PBXGroup;
			children = (
				2EE1F45D25BEE85E0080CBAC /* FrameViewController.swift */,
				2EE1F46725BEE8C00080CBAC /* IpEnterViewController.swift */,
				2EE1F4CD25BF0FE40080CBAC /* ManualEnterViewController.swift */,
				2EA283E6259A06740097DA79 /* ScannerViewController.swift */,
				2EE1F50725BF61390080CBAC /* ConnectionStatusViewController.swift */,
				2EE1F58325C020200080CBAC /* UIExtensions.swift */,
			);
			path = Views;
			sourceTree = "<group>";
		};
		2EE1F4B125BF035C0080CBAC /* ViewModels */ = {
			isa = PBXGroup;
			children = (
				2EE1F4B225BF03C40080CBAC /* ViewModelProtocols.swift */,
				2EE1F52B25BF6F590080CBAC /* StandardIpEnterViewModel.swift */,
				2EE1F53B25BF6FEF0080CBAC /* StandardQrReadViewModel.swift */,
				2EE1F53525BF6FD40080CBAC /* StandardFrameViewModel.swift */,
				2EE1F54725BF707C0080CBAC /* StandardConnectionStatusViewModel.swift */,
				2EE1F54125BF70220080CBAC /* StandardManualEnterViewModel.swift */,
				2EE1F54D25BF70A60080CBAC /* StandardPageViewProvider.swift */,
			);
			path = ViewModels;
			sourceTree = "<group>";
		};
		5FB1CB798D9511F4A9AF1D63 /* Pods */ = {
			isa = PBXGroup;
			children = (
				231A062DA26A2CE6649CA163 /* Pods-Evinced_Example.debug.xcconfig */,
				1F4ECC6B66387FAF0B07C0DA /* Pods-Evinced_Example.release.xcconfig */,
				BE01F099C13C4C3F4D2A748B /* Pods-Evinced_Tests.debug.xcconfig */,
				F5897869E13035235C5D9EBA /* Pods-Evinced_Tests.release.xcconfig */,
				8A4AD716A2EDF90FE0AE8694 /* Pods-Evinced_Example_Swift.debug.xcconfig */,
				BECC82A66EA265522EB45E9B /* Pods-Evinced_Example_Swift.release.xcconfig */,
				019FD4FB6952C5471CE8A55B /* Pods-Evinced_Example_Swift-Evinced_Example_ObjC.debug.xcconfig */,
				AA0A19BFED195ABFD969CA34 /* Pods-Evinced_Example_Swift-Evinced_Example_ObjC.release.xcconfig */,
			);
			path = Pods;
			sourceTree = "<group>";
		};
		607FACC71AFB9204008FA782 = {
			isa = PBXGroup;
			children = (
				607FACF51AFB993E008FA782 /* Podspec Metadata */,
				607FACD21AFB9204008FA782 /* Example for Evinced (Swift) */,
				2EA73F192594ED45002B7169 /* Example for Evinced (ObjC) */,
				2EA740622599F97D002B7169 /* Evinced */,
				607FACD11AFB9204008FA782 /* Products */,
				5FB1CB798D9511F4A9AF1D63 /* Pods */,
				D900FDAF1DEEBF36CA43E11A /* Frameworks */,
			);
			sourceTree = "<group>";
		};
		607FACD11AFB9204008FA782 /* Products */ = {
			isa = PBXGroup;
			children = (
				607FACD01AFB9204008FA782 /* Evinced_Example_Swift.app */,
				2EA73F182594ED45002B7169 /* Evinced_Example_ObjC.app */,
				2EA740612599F97D002B7169 /* Evinced.framework */,
			);
			name = Products;
			sourceTree = "<group>";
		};
		607FACD21AFB9204008FA782 /* Example for Evinced (Swift) */ = {
			isa = PBXGroup;
			children = (
				607FACD51AFB9204008FA782 /* AppDelegate.swift */,
				607FACD71AFB9204008FA782 /* ViewController.swift */,
				2EA73EEB259283EB002B7169 /* ViewController2.swift */,
				607FACD91AFB9204008FA782 /* Main.storyboard */,
				2EA73EFD259284C2002B7169 /* LaunchScreen.storyboard */,
				607FACD31AFB9204008FA782 /* Supporting Files */,
			);
			name = "Example for Evinced (Swift)";
			path = "Evinced-Swift";
			sourceTree = "<group>";
		};
		607FACD31AFB9204008FA782 /* Supporting Files */ = {
			isa = PBXGroup;
			children = (
				2EA73F062592853A002B7169 /* Assets.xcassets */,
				607FACD41AFB9204008FA782 /* Info.plist */,
			);
			name = "Supporting Files";
			sourceTree = "<group>";
		};
		607FACF51AFB993E008FA782 /* Podspec Metadata */ = {
			isa = PBXGroup;
			children = (
				8A16EC11D19BE00F709ABECA /* Evinced.podspec */,
				0FE7B6A3A99F9E65D75D8C17 /* README.md */,
				05EFE03496225B641151833E /* LICENSE */,
			);
			name = "Podspec Metadata";
			sourceTree = "<group>";
		};
		D900FDAF1DEEBF36CA43E11A /* Frameworks */ = {
			isa = PBXGroup;
			children = (
				DF7EAD55474A7261F656C5C0 /* Pods_Evinced_Tests.framework */,
				3ACEA371FA892DFFA59BC3F8 /* Pods_Evinced_Example_Swift.framework */,
				69B4DB937A69AEA462C272A0 /* Pods_Evinced_Example_Swift_Evinced_Example_ObjC.framework */,
			);
			name = Frameworks;
			sourceTree = "<group>";
		};
/* End PBXGroup section */

/* Begin PBXHeadersBuildPhase section */
		2EA7405C2599F97D002B7169 /* Headers */ = {
			isa = PBXHeadersBuildPhase;
			buildActionMask = 2147483647;
			files = (
				2EA28443259A06740097DA79 /* Evinced.h in Headers */,
			);
			runOnlyForDeploymentPostprocessing = 0;
		};
/* End PBXHeadersBuildPhase section */

/* Begin PBXNativeTarget section */
		2EA73F172594ED45002B7169 /* Evinced_Example_ObjC */ = {
			isa = PBXNativeTarget;
			buildConfigurationList = 2EA73F2E2594ED48002B7169 /* Build configuration list for PBXNativeTarget "Evinced_Example_ObjC" */;
			buildPhases = (
				79F31B12168190711AC718A9 /* [CP] Check Pods Manifest.lock */,
				2EA73F142594ED45002B7169 /* Sources */,
				2EA73F152594ED45002B7169 /* Frameworks */,
				2EA73F162594ED45002B7169 /* Resources */,
				BC4BD8253C9C54C229FFAE54 /* [CP] Embed Pods Frameworks */,
			);
			buildRules = (
			);
			dependencies = (
			);
			name = Evinced_Example_ObjC;
			productName = Evinced_Example_ObjC;
			productReference = 2EA73F182594ED45002B7169 /* Evinced_Example_ObjC.app */;
			productType = "com.apple.product-type.application";
		};
		2EA740602599F97D002B7169 /* Evinced */ = {
			isa = PBXNativeTarget;
			buildConfigurationList = 2EA740682599F97D002B7169 /* Build configuration list for PBXNativeTarget "Evinced" */;
			buildPhases = (
				2EA7405C2599F97D002B7169 /* Headers */,
				2EA7405D2599F97D002B7169 /* Sources */,
				2EA7405E2599F97D002B7169 /* Frameworks */,
				2EA7405F2599F97D002B7169 /* Resources */,
			);
			buildRules = (
			);
			dependencies = (
			);
			name = Evinced;
			productName = Evinced;
			productReference = 2EA740612599F97D002B7169 /* Evinced.framework */;
			productType = "com.apple.product-type.framework";
		};
		607FACCF1AFB9204008FA782 /* Evinced_Example_Swift */ = {
			isa = PBXNativeTarget;
			buildConfigurationList = 607FACEF1AFB9204008FA782 /* Build configuration list for PBXNativeTarget "Evinced_Example_Swift" */;
			buildPhases = (
				568B6EE1B1B90E7F03F0D685 /* [CP] Check Pods Manifest.lock */,
				607FACCC1AFB9204008FA782 /* Sources */,
				607FACCD1AFB9204008FA782 /* Frameworks */,
				607FACCE1AFB9204008FA782 /* Resources */,
				E33AC104E30310D20C4D0F7B /* [CP] Embed Pods Frameworks */,
			);
			buildRules = (
			);
			dependencies = (
			);
			name = Evinced_Example_Swift;
			productName = Evinced;
			productReference = 607FACD01AFB9204008FA782 /* Evinced_Example_Swift.app */;
			productType = "com.apple.product-type.application";
		};
/* End PBXNativeTarget section */

/* Begin PBXProject section */
		607FACC81AFB9204008FA782 /* Project object */ = {
			isa = PBXProject;
			attributes = {
				LastSwiftUpdateCheck = 0830;
				LastUpgradeCheck = 0830;
				ORGANIZATIONNAME = CocoaPods;
				TargetAttributes = {
					2E990AB22599FADC00A49DC6 = {
						CreatedOnToolsVersion = 12.3;
						DevelopmentTeam = 546A673B35;
						ProvisioningStyle = Automatic;
					};
					2EA73F172594ED45002B7169 = {
						CreatedOnToolsVersion = 12.3;
						DevelopmentTeam = 546A673B35;
						ProvisioningStyle = Automatic;
					};
					2EA740602599F97D002B7169 = {
						CreatedOnToolsVersion = 12.3;
						DevelopmentTeam = 546A673B35;
						ProvisioningStyle = Automatic;
					};
					607FACCF1AFB9204008FA782 = {
						CreatedOnToolsVersion = 6.3.1;
						DevelopmentTeam = 546A673B35;
						LastSwiftMigration = 0900;
						ProvisioningStyle = Automatic;
					};
				};
			};
			buildConfigurationList = 607FACCB1AFB9204008FA782 /* Build configuration list for PBXProject "Evinced" */;
			compatibilityVersion = "Xcode 3.2";
			developmentRegion = English;
			hasScannedForEncodings = 0;
			knownRegions = (
				English,
				en,
				Base,
			);
			mainGroup = 607FACC71AFB9204008FA782;
			productRefGroup = 607FACD11AFB9204008FA782 /* Products */;
			projectDirPath = "";
			projectRoot = "";
			targets = (
				607FACCF1AFB9204008FA782 /* Evinced_Example_Swift */,
				2EA73F172594ED45002B7169 /* Evinced_Example_ObjC */,
				2EA740602599F97D002B7169 /* Evinced */,
				2E990AB22599FADC00A49DC6 /* Evinced_Universal */,
			);
		};
/* End PBXProject section */

/* Begin PBXResourcesBuildPhase section */
		2EA73F162594ED45002B7169 /* Resources */ = {
			isa = PBXResourcesBuildPhase;
			buildActionMask = 2147483647;
			files = (
				2EA73F2A2594ED48002B7169 /* LaunchScreen.storyboard in Resources */,
				2EA73F272594ED48002B7169 /* Assets.xcassets in Resources */,
				2EE1F52625BF6EEE0080CBAC /* Assets.xcassets in Resources */,
				2EA73F252594ED45002B7169 /* Main.storyboard in Resources */,
			);
			runOnlyForDeploymentPostprocessing = 0;
		};
		2EA7405F2599F97D002B7169 /* Resources */ = {
			isa = PBXResourcesBuildPhase;
			buildActionMask = 2147483647;
			files = (
				2EA28476259A06740097DA79 /* Assets.xcassets in Resources */,
			);
			runOnlyForDeploymentPostprocessing = 0;
		};
		607FACCE1AFB9204008FA782 /* Resources */ = {
			isa = PBXResourcesBuildPhase;
			buildActionMask = 2147483647;
			files = (
				607FACDB1AFB9204008FA782 /* Main.storyboard in Resources */,
				2EA73F072592853A002B7169 /* Assets.xcassets in Resources */,
				2EE1F52125BF6EED0080CBAC /* Assets.xcassets in Resources */,
				2EA73EFB259284C2002B7169 /* LaunchScreen.storyboard in Resources */,
			);
			runOnlyForDeploymentPostprocessing = 0;
		};
/* End PBXResourcesBuildPhase section */

/* Begin PBXShellScriptBuildPhase section */
		2E990ABB2599FAE200A49DC6 /* ShellScript */ = {
			isa = PBXShellScriptBuildPhase;
			buildActionMask = 2147483647;
			files = (
			);
			inputFileListPaths = (
			);
			inputPaths = (
			);
			outputFileListPaths = (
			);
			outputPaths = (
			);
			runOnlyForDeploymentPostprocessing = 0;
			shellPath = /bin/sh;
			shellScript = "rm -rf ${BUILD_DIR}\n\nUNIVERSAL_OUTPUTFOLDER=${BUILD_DIR}/${CONFIGURATION}-Universal\n# Make sure the output directory exists\nmkdir -p \"${UNIVERSAL_OUTPUTFOLDER}\"\n# Next, work out if we're in SIMULATOR or REAL DEVICE\nxcodebuild -target \"${PROJECT_NAME}\" -configuration ${CONFIGURATION} -sdk iphonesimulator ONLY_ACTIVE_ARCH=NO BUILD_DIR=\"${BUILD_DIR}\" BUILD_ROOT=\"${BUILD_ROOT}\" clean build\n\nxcodebuild -target \"${PROJECT_NAME}\" ONLY_ACTIVE_ARCH=NO -configuration ${CONFIGURATION} -sdk iphoneos  BUILD_DIR=\"${BUILD_DIR}\" BUILD_ROOT=\"${BUILD_ROOT}\" clean build\n\n# Step 2. Copy the framework structure (from iphoneos build) to the universal folder\n\nxcodebuild -create-xcframework -framework \"${BUILD_DIR}/${CONFIGURATION}-iphoneos/${PROJECT_NAME}.framework\" -framework \"${BUILD_DIR}/${CONFIGURATION}-iphonesimulator/${PROJECT_NAME}.framework\" -output \"${UNIVERSAL_OUTPUTFOLDER}/${PROJECT_NAME}.xcframework\"\n\n# Step 5. Convenience step to copy the framework to the project's directory\n\\cp -R \"${UNIVERSAL_OUTPUTFOLDER}/${PROJECT_NAME}.xcframework\" \"${PROJECT_DIR}\"\n\n# Step 6. Convenience step to open the project's directory in Finder\n# open \"${PROJECT_DIR}\"\n\n";
		};
		568B6EE1B1B90E7F03F0D685 /* [CP] Check Pods Manifest.lock */ = {
			isa = PBXShellScriptBuildPhase;
			buildActionMask = 2147483647;
			files = (
			);
			inputFileListPaths = (
			);
			inputPaths = (
				"${PODS_PODFILE_DIR_PATH}/Podfile.lock",
				"${PODS_ROOT}/Manifest.lock",
			);
			name = "[CP] Check Pods Manifest.lock";
			outputFileListPaths = (
			);
			outputPaths = (
				"$(DERIVED_FILE_DIR)/Pods-Evinced_Example_Swift-checkManifestLockResult.txt",
			);
			runOnlyForDeploymentPostprocessing = 0;
			shellPath = /bin/sh;
			shellScript = "diff \"${PODS_PODFILE_DIR_PATH}/Podfile.lock\" \"${PODS_ROOT}/Manifest.lock\" > /dev/null\nif [ $? != 0 ] ; then\n    # print error to STDERR\n    echo \"error: The sandbox is not in sync with the Podfile.lock. Run 'pod install' or update your CocoaPods installation.\" >&2\n    exit 1\nfi\n# This output is used by Xcode 'outputs' to avoid re-running this script phase.\necho \"SUCCESS\" > \"${SCRIPT_OUTPUT_FILE_0}\"\n";
			showEnvVarsInLog = 0;
		};
		79F31B12168190711AC718A9 /* [CP] Check Pods Manifest.lock */ = {
			isa = PBXShellScriptBuildPhase;
			buildActionMask = 2147483647;
			files = (
			);
			inputFileListPaths = (
			);
			inputPaths = (
				"${PODS_PODFILE_DIR_PATH}/Podfile.lock",
				"${PODS_ROOT}/Manifest.lock",
			);
			name = "[CP] Check Pods Manifest.lock";
			outputFileListPaths = (
			);
			outputPaths = (
				"$(DERIVED_FILE_DIR)/Pods-Evinced_Example_Swift-Evinced_Example_ObjC-checkManifestLockResult.txt",
			);
			runOnlyForDeploymentPostprocessing = 0;
			shellPath = /bin/sh;
			shellScript = "diff \"${PODS_PODFILE_DIR_PATH}/Podfile.lock\" \"${PODS_ROOT}/Manifest.lock\" > /dev/null\nif [ $? != 0 ] ; then\n    # print error to STDERR\n    echo \"error: The sandbox is not in sync with the Podfile.lock. Run 'pod install' or update your CocoaPods installation.\" >&2\n    exit 1\nfi\n# This output is used by Xcode 'outputs' to avoid re-running this script phase.\necho \"SUCCESS\" > \"${SCRIPT_OUTPUT_FILE_0}\"\n";
			showEnvVarsInLog = 0;
		};
		BC4BD8253C9C54C229FFAE54 /* [CP] Embed Pods Frameworks */ = {
			isa = PBXShellScriptBuildPhase;
			buildActionMask = 2147483647;
			files = (
			);
			inputPaths = (
				"${PODS_ROOT}/Target Support Files/Pods-Evinced_Example_Swift-Evinced_Example_ObjC/Pods-Evinced_Example_Swift-Evinced_Example_ObjC-frameworks.sh",
				"${BUILT_PRODUCTS_DIR}/Evinced/Evinced.framework",
			);
			name = "[CP] Embed Pods Frameworks";
			outputPaths = (
				"${TARGET_BUILD_DIR}/${FRAMEWORKS_FOLDER_PATH}/Evinced.framework",
			);
			runOnlyForDeploymentPostprocessing = 0;
			shellPath = /bin/sh;
			shellScript = "\"${PODS_ROOT}/Target Support Files/Pods-Evinced_Example_Swift-Evinced_Example_ObjC/Pods-Evinced_Example_Swift-Evinced_Example_ObjC-frameworks.sh\"\n";
			showEnvVarsInLog = 0;
		};
		E33AC104E30310D20C4D0F7B /* [CP] Embed Pods Frameworks */ = {
			isa = PBXShellScriptBuildPhase;
			buildActionMask = 2147483647;
			files = (
			);
			inputPaths = (
				"${PODS_ROOT}/Target Support Files/Pods-Evinced_Example_Swift/Pods-Evinced_Example_Swift-frameworks.sh",
				"${BUILT_PRODUCTS_DIR}/Evinced/Evinced.framework",
			);
			name = "[CP] Embed Pods Frameworks";
			outputPaths = (
				"${TARGET_BUILD_DIR}/${FRAMEWORKS_FOLDER_PATH}/Evinced.framework",
			);
			runOnlyForDeploymentPostprocessing = 0;
			shellPath = /bin/sh;
			shellScript = "\"${PODS_ROOT}/Target Support Files/Pods-Evinced_Example_Swift/Pods-Evinced_Example_Swift-frameworks.sh\"\n";
			showEnvVarsInLog = 0;
		};
/* End PBXShellScriptBuildPhase section */

/* Begin PBXSourcesBuildPhase section */
		2EA73F142594ED45002B7169 /* Sources */ = {
			isa = PBXSourcesBuildPhase;
			buildActionMask = 2147483647;
			files = (
				2EA73F222594ED45002B7169 /* ViewController.m in Sources */,
				2EA73F1C2594ED45002B7169 /* AppDelegate.m in Sources */,
				2EA73F2D2594ED48002B7169 /* main.m in Sources */,
				2EA73F1F2594ED45002B7169 /* SceneDelegate.m in Sources */,
			);
			runOnlyForDeploymentPostprocessing = 0;
		};
		2EA7405D2599F97D002B7169 /* Sources */ = {
			isa = PBXSourcesBuildPhase;
			buildActionMask = 2147483647;
			files = (
				2EA28468259A06740097DA79 /* ReplaceMe.swift in Sources */,
				2EA28454259A06740097DA79 /* Compression.swift in Sources */,
				2EE1F46825BEE8C00080CBAC /* IpEnterViewController.swift in Sources */,
				2EA28473259A06740097DA79 /* ViewElement.swift in Sources */,
				2EA28462259A06740097DA79 /* NSDictionary+DeepCopy.swift in Sources */,
				2EA28432259A06740097DA79 /* SnapshotView.swift in Sources */,
				2EA28472259A06740097DA79 /* ViewControllerUtils.swift in Sources */,
				2EA28435259A06740097DA79 /* ParallelLineView.swift in Sources */,
				2EE1F50825BF61390080CBAC /* ConnectionStatusViewController.swift in Sources */,
				2EA2846C259A06740097DA79 /* Logger.swift in Sources */,
				2EA28453259A06740097DA79 /* Framer.swift in Sources */,
				2EA28461259A06740097DA79 /* NSArray+DeepCopy.swift in Sources */,
				2EA2845D259A06740097DA79 /* JSONPatch.swift in Sources */,
				2EA2844A259A06740097DA79 /* FoundationSecurity.swift in Sources */,
				2EA2845A259A06740097DA79 /* JSONEquality.swift in Sources */,
				2EA28441259A06740097DA79 /* EvincedEngine.swift in Sources */,
				2EA2846B259A06740097DA79 /* EvincedTree.swift in Sources */,
				2EA2845C259A06740097DA79 /* JSONPointer.swift in Sources */,
				2EA28465259A06740097DA79 /* Element.swift in Sources */,
				2EA2846A259A06740097DA79 /* Markers.swift in Sources */,
				2EE1F53C25BF6FEF0080CBAC /* StandardQrReadViewModel.swift in Sources */,
				2EA28433259A06740097DA79 /* SnapshotViewConfiguration.swift in Sources */,
				2EA28434259A06740097DA79 /* HierarchyViewConfiguration.swift in Sources */,
				2EA28430259A06740097DA79 /* SnapshotViewController.swift in Sources */,
				2EA2846F259A06740097DA79 /* Problems.swift in Sources */,
				2EA28437259A06740097DA79 /* HierarchyTableViewCell.swift in Sources */,
				2EE1F53625BF6FD40080CBAC /* StandardFrameViewModel.swift in Sources */,
				2EA2845E259A06740097DA79 /* JSONPatchCodable.swift in Sources */,
				2EA28469259A06740097DA79 /* Manager.swift in Sources */,
				2EA28470259A06740097DA79 /* Validators.swift in Sources */,
				2EE1F54E25BF70A60080CBAC /* StandardPageViewProvider.swift in Sources */,
				2EA28455259A06740097DA79 /* WSCompression.swift in Sources */,
				2EA2845B259A06740097DA79 /* JSONElement.swift in Sources */,
				2EA28448259A06740097DA79 /* TCPTransport.swift in Sources */,
				2EA28458259A06740097DA79 /* NativeEngine.swift in Sources */,
				2EA2844B259A06740097DA79 /* Data+Extensions.swift in Sources */,
				2EA28446259A06740097DA79 /* Transport.swift in Sources */,
				2EA28451259A06740097DA79 /* StringHTTPHandler.swift in Sources */,
				2EA28440259A06740097DA79 /* Configuration.swift in Sources */,
				2EE1F54225BF70220080CBAC /* StandardManualEnterViewModel.swift in Sources */,
				2EA28447259A06740097DA79 /* FoundationTransport.swift in Sources */,
				2EA28445259A06740097DA79 /* Socket.swift in Sources */,
				2EE1F4B325BF03C40080CBAC /* ViewModelProtocols.swift in Sources */,
				2EA2843C259A06740097DA79 /* Menu.swift in Sources */,
				2EE1F58425C020200080CBAC /* UIExtensions.swift in Sources */,
				2EE1F54825BF707C0080CBAC /* StandardConnectionStatusViewModel.swift in Sources */,
				2EA28449259A06740097DA79 /* Security.swift in Sources */,
				2EA2846E259A06740097DA79 /* Screen.swift in Sources */,
				2EA28471259A06740097DA79 /* Utils.swift in Sources */,
				2EA28457259A06740097DA79 /* Engine.swift in Sources */,
				2EA28466259A06740097DA79 /* Locker.swift in Sources */,
				2EA2843E259A06740097DA79 /* ScannerViewController.swift in Sources */,
				2EA28464259A06740097DA79 /* Codables.swift in Sources */,
				2EA2843F259A06740097DA79 /* VIewDebuggerViewController.swift in Sources */,
				2EE1F45E25BEE85E0080CBAC /* FrameViewController.swift in Sources */,
				2EA2845F259A06740097DA79 /* JSONPatchGenerator.swift in Sources */,
				2EA28431259A06740097DA79 /* RangeSlider.swift in Sources */,
				2EA28456259A06740097DA79 /* WebSocket.swift in Sources */,
				2EA28450259A06740097DA79 /* FrameCollector.swift in Sources */,
				2EA2844D259A06740097DA79 /* WebSocketServer.swift in Sources */,
				2EA28460259A06740097DA79 /* JSONError.swift in Sources */,
				2EA28452259A06740097DA79 /* FoundationHTTPServerHandler.swift in Sources */,
				2EA28459259A06740097DA79 /* WSEngine.swift in Sources */,
				2EA28436259A06740097DA79 /* TreeTableViewDataSource.swift in Sources */,
				2EE1F4CE25BF0FE40080CBAC /* ManualEnterViewController.swift in Sources */,
				2EA28442259A06740097DA79 /* Snapshot.swift in Sources */,
				2EA2844F259A06740097DA79 /* HTTPHandler.swift in Sources */,
				2EA2842F259A06740097DA79 /* SnapshotActionSheetUtils.swift in Sources */,
				2EA2846D259A06740097DA79 /* Analyzer.swift in Sources */,
				2EA2844C259A06740097DA79 /* Server.swift in Sources */,
				2EA28438259A06740097DA79 /* HierarchyTableViewController.swift in Sources */,
				2EA28467259A06740097DA79 /* Extensions.swift in Sources */,
				2EE1F52C25BF6F590080CBAC /* StandardIpEnterViewModel.swift in Sources */,
				2EA2844E259A06740097DA79 /* FoundationHTTPHandler.swift in Sources */,
			);
			runOnlyForDeploymentPostprocessing = 0;
		};
		607FACCC1AFB9204008FA782 /* Sources */ = {
			isa = PBXSourcesBuildPhase;
			buildActionMask = 2147483647;
			files = (
				607FACD81AFB9204008FA782 /* ViewController.swift in Sources */,
				607FACD61AFB9204008FA782 /* AppDelegate.swift in Sources */,
				2EA73EEC259283EB002B7169 /* ViewController2.swift in Sources */,
			);
			runOnlyForDeploymentPostprocessing = 0;
		};
/* End PBXSourcesBuildPhase section */

/* Begin PBXVariantGroup section */
		2EA73EFD259284C2002B7169 /* LaunchScreen.storyboard */ = {
			isa = PBXVariantGroup;
			children = (
				2EA73EFC259284C2002B7169 /* Base */,
			);
			name = LaunchScreen.storyboard;
			sourceTree = "<group>";
		};
		2EA73F232594ED45002B7169 /* Main.storyboard */ = {
			isa = PBXVariantGroup;
			children = (
				2EA73F242594ED45002B7169 /* Base */,
			);
			name = Main.storyboard;
			sourceTree = "<group>";
		};
		2EA73F282594ED48002B7169 /* LaunchScreen.storyboard */ = {
			isa = PBXVariantGroup;
			children = (
				2EA73F292594ED48002B7169 /* Base */,
			);
			name = LaunchScreen.storyboard;
			sourceTree = "<group>";
		};
		607FACD91AFB9204008FA782 /* Main.storyboard */ = {
			isa = PBXVariantGroup;
			children = (
				607FACDA1AFB9204008FA782 /* Base */,
			);
			name = Main.storyboard;
			sourceTree = "<group>";
		};
/* End PBXVariantGroup section */

/* Begin XCBuildConfiguration section */
		2E990AB42599FADC00A49DC6 /* Debug */ = {
			isa = XCBuildConfiguration;
			buildSettings = {
				CODE_SIGN_STYLE = Automatic;
				DEVELOPMENT_TEAM = 546A673B35;
				ONLY_ACTIVE_ARCH = NO;
				PRODUCT_NAME = "$(TARGET_NAME)";
			};
			name = Debug;
		};
		2E990AB52599FADC00A49DC6 /* Release */ = {
			isa = XCBuildConfiguration;
			buildSettings = {
				CODE_SIGN_STYLE = Automatic;
				DEVELOPMENT_TEAM = 546A673B35;
				PRODUCT_NAME = "$(TARGET_NAME)";
			};
			name = Release;
		};
		2EA73F2F2594ED48002B7169 /* Debug */ = {
			isa = XCBuildConfiguration;
			baseConfigurationReference = 019FD4FB6952C5471CE8A55B /* Pods-Evinced_Example_Swift-Evinced_Example_ObjC.debug.xcconfig */;
			buildSettings = {
				ASSETCATALOG_COMPILER_APPICON_NAME = AppIcon;
				ASSETCATALOG_COMPILER_GLOBAL_ACCENT_COLOR_NAME = AccentColor;
				CLANG_ANALYZER_NONNULL = YES;
				CLANG_ANALYZER_NUMBER_OBJECT_CONVERSION = YES_AGGRESSIVE;
				CLANG_CXX_LANGUAGE_STANDARD = "gnu++14";
				CLANG_ENABLE_OBJC_WEAK = YES;
				CLANG_WARN_DEPRECATED_OBJC_IMPLEMENTATIONS = YES;
				CLANG_WARN_DOCUMENTATION_COMMENTS = YES;
				CLANG_WARN_OBJC_IMPLICIT_RETAIN_SELF = YES;
				CLANG_WARN_QUOTED_INCLUDE_IN_FRAMEWORK_HEADER = "$(inherited)";
				CLANG_WARN_UNGUARDED_AVAILABILITY = YES_AGGRESSIVE;
				CODE_SIGN_STYLE = Automatic;
				DEBUG_INFORMATION_FORMAT = dwarf;
				DEVELOPMENT_TEAM = 546A673B35;
				GCC_C_LANGUAGE_STANDARD = gnu11;
				INFOPLIST_FILE = "$(SRCROOT)/Evinced-ObjC/Info.plist";
				IPHONEOS_DEPLOYMENT_TARGET = 13.0;
				LD_RUNPATH_SEARCH_PATHS = "$(inherited) @executable_path/Frameworks";
				MTL_ENABLE_DEBUG_INFO = INCLUDE_SOURCE;
				MTL_FAST_MATH = YES;
				PRODUCT_BUNDLE_IDENTIFIER = "com.evinced.example-objc";
				PRODUCT_NAME = "$(TARGET_NAME)";
				TARGETED_DEVICE_FAMILY = 1;
			};
			name = Debug;
		};
		2EA73F302594ED48002B7169 /* Release */ = {
			isa = XCBuildConfiguration;
			baseConfigurationReference = AA0A19BFED195ABFD969CA34 /* Pods-Evinced_Example_Swift-Evinced_Example_ObjC.release.xcconfig */;
			buildSettings = {
				ASSETCATALOG_COMPILER_APPICON_NAME = AppIcon;
				ASSETCATALOG_COMPILER_GLOBAL_ACCENT_COLOR_NAME = AccentColor;
				CLANG_ANALYZER_NONNULL = YES;
				CLANG_ANALYZER_NUMBER_OBJECT_CONVERSION = YES_AGGRESSIVE;
				CLANG_CXX_LANGUAGE_STANDARD = "gnu++14";
				CLANG_ENABLE_OBJC_WEAK = YES;
				CLANG_WARN_DEPRECATED_OBJC_IMPLEMENTATIONS = YES;
				CLANG_WARN_DOCUMENTATION_COMMENTS = YES;
				CLANG_WARN_OBJC_IMPLICIT_RETAIN_SELF = YES;
				CLANG_WARN_QUOTED_INCLUDE_IN_FRAMEWORK_HEADER = "$(inherited)";
				CLANG_WARN_UNGUARDED_AVAILABILITY = YES_AGGRESSIVE;
				CODE_SIGN_STYLE = Automatic;
				DEVELOPMENT_TEAM = 546A673B35;
				GCC_C_LANGUAGE_STANDARD = gnu11;
				INFOPLIST_FILE = "$(SRCROOT)/Evinced-ObjC/Info.plist";
				IPHONEOS_DEPLOYMENT_TARGET = 13.0;
				LD_RUNPATH_SEARCH_PATHS = "$(inherited) @executable_path/Frameworks";
				MTL_FAST_MATH = YES;
				PRODUCT_BUNDLE_IDENTIFIER = "com.evinced.example-objc";
				PRODUCT_NAME = "$(TARGET_NAME)";
				TARGETED_DEVICE_FAMILY = 1;
			};
			name = Release;
		};
		2EA740662599F97D002B7169 /* Debug */ = {
			isa = XCBuildConfiguration;
			buildSettings = {
				BUILD_LIBRARY_FOR_DISTRIBUTION = YES;
				CLANG_ANALYZER_NONNULL = YES;
				CLANG_ANALYZER_NUMBER_OBJECT_CONVERSION = YES_AGGRESSIVE;
				CLANG_CXX_LANGUAGE_STANDARD = "gnu++14";
				CLANG_ENABLE_OBJC_WEAK = YES;
				CLANG_WARN_DEPRECATED_OBJC_IMPLEMENTATIONS = YES;
				CLANG_WARN_DOCUMENTATION_COMMENTS = YES;
				CLANG_WARN_OBJC_IMPLICIT_RETAIN_SELF = YES;
				CLANG_WARN_QUOTED_INCLUDE_IN_FRAMEWORK_HEADER = YES;
				CLANG_WARN_UNGUARDED_AVAILABILITY = YES_AGGRESSIVE;
				CODE_SIGN_STYLE = Automatic;
				CURRENT_PROJECT_VERSION = 1;
				DEBUG_INFORMATION_FORMAT = dwarf;
				DEFINES_MODULE = YES;
				DEVELOPMENT_TEAM = 546A673B35;
				DYLIB_COMPATIBILITY_VERSION = 1;
				DYLIB_CURRENT_VERSION = 1;
				DYLIB_INSTALL_NAME_BASE = "@rpath";
				GCC_C_LANGUAGE_STANDARD = gnu11;
				INFOPLIST_FILE = ../Evinced/Info.plist;
				INSTALL_PATH = "$(LOCAL_LIBRARY_DIR)/Frameworks";
				IPHONEOS_DEPLOYMENT_TARGET = 11.0;
				LD_RUNPATH_SEARCH_PATHS = "$(inherited) @executable_path/Frameworks @loader_path/Frameworks";
				MARKETING_VERSION = 0.1.3;
				MTL_ENABLE_DEBUG_INFO = INCLUDE_SOURCE;
				MTL_FAST_MATH = YES;
				PRODUCT_BUNDLE_IDENTIFIER = com.evinced.Evinced;
				PRODUCT_NAME = "$(TARGET_NAME:c99extidentifier)";
				SKIP_INSTALL = YES;
				SUPPORTS_MACCATALYST = NO;
				SWIFT_ACTIVE_COMPILATION_CONDITIONS = DEBUG;
				SWIFT_VERSION = 5.0;
				TARGETED_DEVICE_FAMILY = "1,2";
				VERSIONING_SYSTEM = "apple-generic";
				VERSION_INFO_PREFIX = "";
			};
			name = Debug;
		};
		2EA740672599F97D002B7169 /* Release */ = {
			isa = XCBuildConfiguration;
			buildSettings = {
				BUILD_LIBRARY_FOR_DISTRIBUTION = YES;
				CLANG_ANALYZER_NONNULL = YES;
				CLANG_ANALYZER_NUMBER_OBJECT_CONVERSION = YES_AGGRESSIVE;
				CLANG_CXX_LANGUAGE_STANDARD = "gnu++14";
				CLANG_ENABLE_OBJC_WEAK = YES;
				CLANG_WARN_DEPRECATED_OBJC_IMPLEMENTATIONS = YES;
				CLANG_WARN_DOCUMENTATION_COMMENTS = YES;
				CLANG_WARN_OBJC_IMPLICIT_RETAIN_SELF = YES;
				CLANG_WARN_QUOTED_INCLUDE_IN_FRAMEWORK_HEADER = YES;
				CLANG_WARN_UNGUARDED_AVAILABILITY = YES_AGGRESSIVE;
				CODE_SIGN_STYLE = Automatic;
				CURRENT_PROJECT_VERSION = 1;
				DEFINES_MODULE = YES;
				DEVELOPMENT_TEAM = 546A673B35;
				DYLIB_COMPATIBILITY_VERSION = 1;
				DYLIB_CURRENT_VERSION = 1;
				DYLIB_INSTALL_NAME_BASE = "@rpath";
				GCC_C_LANGUAGE_STANDARD = gnu11;
				INFOPLIST_FILE = ../Evinced/Info.plist;
				INSTALL_PATH = "$(LOCAL_LIBRARY_DIR)/Frameworks";
				IPHONEOS_DEPLOYMENT_TARGET = 11.0;
				LD_RUNPATH_SEARCH_PATHS = "$(inherited) @executable_path/Frameworks @loader_path/Frameworks";
				MARKETING_VERSION = 0.1.3;
				MTL_FAST_MATH = YES;
				PRODUCT_BUNDLE_IDENTIFIER = com.evinced.Evinced;
				PRODUCT_NAME = "$(TARGET_NAME:c99extidentifier)";
				SKIP_INSTALL = YES;
				SUPPORTS_MACCATALYST = NO;
				SWIFT_VERSION = 5.0;
				TARGETED_DEVICE_FAMILY = "1,2";
				VERSIONING_SYSTEM = "apple-generic";
				VERSION_INFO_PREFIX = "";
			};
			name = Release;
		};
		607FACED1AFB9204008FA782 /* Debug */ = {
			isa = XCBuildConfiguration;
			buildSettings = {
				ALWAYS_SEARCH_USER_PATHS = NO;
				CLANG_CXX_LANGUAGE_STANDARD = "gnu++0x";
				CLANG_CXX_LIBRARY = "libc++";
				CLANG_ENABLE_MODULES = YES;
				CLANG_ENABLE_OBJC_ARC = YES;
				CLANG_WARN_BLOCK_CAPTURE_AUTORELEASING = YES;
				CLANG_WARN_BOOL_CONVERSION = YES;
				CLANG_WARN_COMMA = YES;
				CLANG_WARN_CONSTANT_CONVERSION = YES;
				CLANG_WARN_DIRECT_OBJC_ISA_USAGE = YES_ERROR;
				CLANG_WARN_EMPTY_BODY = YES;
				CLANG_WARN_ENUM_CONVERSION = YES;
				CLANG_WARN_INFINITE_RECURSION = YES;
				CLANG_WARN_INT_CONVERSION = YES;
				CLANG_WARN_NON_LITERAL_NULL_CONVERSION = YES;
				CLANG_WARN_OBJC_LITERAL_CONVERSION = YES;
				CLANG_WARN_OBJC_ROOT_CLASS = YES_ERROR;
				CLANG_WARN_RANGE_LOOP_ANALYSIS = YES;
				CLANG_WARN_STRICT_PROTOTYPES = YES;
				CLANG_WARN_SUSPICIOUS_MOVE = YES;
				CLANG_WARN_UNREACHABLE_CODE = YES;
				CLANG_WARN__DUPLICATE_METHOD_MATCH = YES;
				"CODE_SIGN_IDENTITY[sdk=iphoneos*]" = "iPhone Developer";
				COPY_PHASE_STRIP = NO;
				DEBUG_INFORMATION_FORMAT = "dwarf-with-dsym";
				ENABLE_STRICT_OBJC_MSGSEND = YES;
				ENABLE_TESTABILITY = YES;
				GCC_C_LANGUAGE_STANDARD = gnu99;
				GCC_DYNAMIC_NO_PIC = NO;
				GCC_NO_COMMON_BLOCKS = YES;
				GCC_OPTIMIZATION_LEVEL = 0;
				GCC_PREPROCESSOR_DEFINITIONS = (
					"DEBUG=1",
					"$(inherited)",
				);
				GCC_SYMBOLS_PRIVATE_EXTERN = NO;
				GCC_WARN_64_TO_32_BIT_CONVERSION = YES;
				GCC_WARN_ABOUT_RETURN_TYPE = YES_ERROR;
				GCC_WARN_UNDECLARED_SELECTOR = YES;
				GCC_WARN_UNINITIALIZED_AUTOS = YES_AGGRESSIVE;
				GCC_WARN_UNUSED_FUNCTION = YES;
				GCC_WARN_UNUSED_VARIABLE = YES;
				IPHONEOS_DEPLOYMENT_TARGET = 12.0;
				MTL_ENABLE_DEBUG_INFO = YES;
				ONLY_ACTIVE_ARCH = YES;
				OTHER_CFLAGS = "-fembed-bitcode-marker";
				SDKROOT = iphoneos;
				SWIFT_OPTIMIZATION_LEVEL = "-Onone";
			};
			name = Debug;
		};
		607FACEE1AFB9204008FA782 /* Release */ = {
			isa = XCBuildConfiguration;
			buildSettings = {
				ALWAYS_SEARCH_USER_PATHS = NO;
				CLANG_CXX_LANGUAGE_STANDARD = "gnu++0x";
				CLANG_CXX_LIBRARY = "libc++";
				CLANG_ENABLE_MODULES = YES;
				CLANG_ENABLE_OBJC_ARC = YES;
				CLANG_WARN_BLOCK_CAPTURE_AUTORELEASING = YES;
				CLANG_WARN_BOOL_CONVERSION = YES;
				CLANG_WARN_COMMA = YES;
				CLANG_WARN_CONSTANT_CONVERSION = YES;
				CLANG_WARN_DIRECT_OBJC_ISA_USAGE = YES_ERROR;
				CLANG_WARN_EMPTY_BODY = YES;
				CLANG_WARN_ENUM_CONVERSION = YES;
				CLANG_WARN_INFINITE_RECURSION = YES;
				CLANG_WARN_INT_CONVERSION = YES;
				CLANG_WARN_NON_LITERAL_NULL_CONVERSION = YES;
				CLANG_WARN_OBJC_LITERAL_CONVERSION = YES;
				CLANG_WARN_OBJC_ROOT_CLASS = YES_ERROR;
				CLANG_WARN_RANGE_LOOP_ANALYSIS = YES;
				CLANG_WARN_STRICT_PROTOTYPES = YES;
				CLANG_WARN_SUSPICIOUS_MOVE = YES;
				CLANG_WARN_UNREACHABLE_CODE = YES;
				CLANG_WARN__DUPLICATE_METHOD_MATCH = YES;
				"CODE_SIGN_IDENTITY[sdk=iphoneos*]" = "iPhone Developer";
				COPY_PHASE_STRIP = NO;
				DEBUG_INFORMATION_FORMAT = "dwarf-with-dsym";
				ENABLE_NS_ASSERTIONS = NO;
				ENABLE_STRICT_OBJC_MSGSEND = YES;
				GCC_C_LANGUAGE_STANDARD = gnu99;
				GCC_NO_COMMON_BLOCKS = YES;
				GCC_WARN_64_TO_32_BIT_CONVERSION = YES;
				GCC_WARN_ABOUT_RETURN_TYPE = YES_ERROR;
				GCC_WARN_UNDECLARED_SELECTOR = YES;
				GCC_WARN_UNINITIALIZED_AUTOS = YES_AGGRESSIVE;
				GCC_WARN_UNUSED_FUNCTION = YES;
				GCC_WARN_UNUSED_VARIABLE = YES;
				IPHONEOS_DEPLOYMENT_TARGET = 12.0;
				MTL_ENABLE_DEBUG_INFO = NO;
				OTHER_CFLAGS = "-fembed-bitcode";
				SDKROOT = iphoneos;
				SWIFT_OPTIMIZATION_LEVEL = "-Owholemodule";
				VALIDATE_PRODUCT = YES;
			};
			name = Release;
		};
		607FACF01AFB9204008FA782 /* Debug */ = {
			isa = XCBuildConfiguration;
			baseConfigurationReference = 8A4AD716A2EDF90FE0AE8694 /* Pods-Evinced_Example_Swift.debug.xcconfig */;
			buildSettings = {
				CLANG_WARN_QUOTED_INCLUDE_IN_FRAMEWORK_HEADER = "$(inherited)";
				CODE_SIGN_IDENTITY = "Apple Development";
				CODE_SIGN_STYLE = Automatic;
				DEVELOPMENT_TEAM = 546A673B35;
				INFOPLIST_FILE = "$(SRCROOT)/Evinced-Swift/Info.plist";
				IPHONEOS_DEPLOYMENT_TARGET = 13.0;
				LD_RUNPATH_SEARCH_PATHS = "$(inherited) @executable_path/Frameworks";
				MODULE_NAME = ExampleApp;
				PRODUCT_BUNDLE_IDENTIFIER = "com.evinced.example-swift";
				PRODUCT_NAME = "$(TARGET_NAME)";
				PROVISIONING_PROFILE_SPECIFIER = "";
				SWIFT_SWIFT3_OBJC_INFERENCE = Default;
				SWIFT_VERSION = 4.0;
			};
			name = Debug;
		};
		607FACF11AFB9204008FA782 /* Release */ = {
			isa = XCBuildConfiguration;
			baseConfigurationReference = BECC82A66EA265522EB45E9B /* Pods-Evinced_Example_Swift.release.xcconfig */;
			buildSettings = {
				CLANG_WARN_QUOTED_INCLUDE_IN_FRAMEWORK_HEADER = "$(inherited)";
				CODE_SIGN_IDENTITY = "Apple Development";
				CODE_SIGN_STYLE = Automatic;
				DEVELOPMENT_TEAM = 546A673B35;
				INFOPLIST_FILE = "$(SRCROOT)/Evinced-Swift/Info.plist";
				IPHONEOS_DEPLOYMENT_TARGET = 13.0;
				LD_RUNPATH_SEARCH_PATHS = "$(inherited) @executable_path/Frameworks";
				MODULE_NAME = ExampleApp;
				PRODUCT_BUNDLE_IDENTIFIER = "com.evinced.example-swift";
				PRODUCT_NAME = "$(TARGET_NAME)";
				PROVISIONING_PROFILE_SPECIFIER = "";
				SWIFT_SWIFT3_OBJC_INFERENCE = Default;
				SWIFT_VERSION = 4.0;
			};
			name = Release;
		};
/* End XCBuildConfiguration section */

/* Begin XCConfigurationList section */
		2E990AB32599FADC00A49DC6 /* Build configuration list for PBXAggregateTarget "Evinced_Universal" */ = {
			isa = XCConfigurationList;
			buildConfigurations = (
				2E990AB42599FADC00A49DC6 /* Debug */,
				2E990AB52599FADC00A49DC6 /* Release */,
			);
			defaultConfigurationIsVisible = 0;
			defaultConfigurationName = Release;
		};
		2EA73F2E2594ED48002B7169 /* Build configuration list for PBXNativeTarget "Evinced_Example_ObjC" */ = {
			isa = XCConfigurationList;
			buildConfigurations = (
				2EA73F2F2594ED48002B7169 /* Debug */,
				2EA73F302594ED48002B7169 /* Release */,
			);
			defaultConfigurationIsVisible = 0;
			defaultConfigurationName = Release;
		};
		2EA740682599F97D002B7169 /* Build configuration list for PBXNativeTarget "Evinced" */ = {
			isa = XCConfigurationList;
			buildConfigurations = (
				2EA740662599F97D002B7169 /* Debug */,
				2EA740672599F97D002B7169 /* Release */,
			);
			defaultConfigurationIsVisible = 0;
			defaultConfigurationName = Release;
		};
		607FACCB1AFB9204008FA782 /* Build configuration list for PBXProject "Evinced" */ = {
			isa = XCConfigurationList;
			buildConfigurations = (
				607FACED1AFB9204008FA782 /* Debug */,
				607FACEE1AFB9204008FA782 /* Release */,
			);
			defaultConfigurationIsVisible = 0;
			defaultConfigurationName = Release;
		};
		607FACEF1AFB9204008FA782 /* Build configuration list for PBXNativeTarget "Evinced_Example_Swift" */ = {
			isa = XCConfigurationList;
			buildConfigurations = (
				607FACF01AFB9204008FA782 /* Debug */,
				607FACF11AFB9204008FA782 /* Release */,
			);
			defaultConfigurationIsVisible = 0;
			defaultConfigurationName = Release;
		};
/* End XCConfigurationList section */
	};
	rootObject = 607FACC81AFB9204008FA782 /* Project object */;
}
