// !$*UTF8*$!
{
	archiveVersion = 1;
	classes = {
	};
	objectVersion = 46;
	objects = {

/* Begin PBXBuildFile section */
		2EA73EEC259283EB002B7169 /* ViewController2.swift in Sources */ = {isa = PBXBuildFile; fileRef = 2EA73EEB259283EB002B7169 /* ViewController2.swift */; };
		2EA73EFB259284C2002B7169 /* LaunchScreen.storyboard in Resources */ = {isa = PBXBuildFile; fileRef = 2EA73EFD259284C2002B7169 /* LaunchScreen.storyboard */; };
		2EA73F072592853A002B7169 /* Assets.xcassets in Resources */ = {isa = PBXBuildFile; fileRef = 2EA73F062592853A002B7169 /* Assets.xcassets */; };
		2EA73F1C2594ED45002B7169 /* AppDelegate.m in Sources */ = {isa = PBXBuildFile; fileRef = 2EA73F1B2594ED45002B7169 /* AppDelegate.m */; };
		2EA73F1F2594ED45002B7169 /* SceneDelegate.m in Sources */ = {isa = PBXBuildFile; fileRef = 2EA73F1E2594ED45002B7169 /* SceneDelegate.m */; };
		2EA73F222594ED45002B7169 /* ViewController.m in Sources */ = {isa = PBXBuildFile; fileRef = 2EA73F212594ED45002B7169 /* ViewController.m */; };
		2EA73F252594ED45002B7169 /* Main.storyboard in Resources */ = {isa = PBXBuildFile; fileRef = 2EA73F232594ED45002B7169 /* Main.storyboard */; };
		2EA73F272594ED48002B7169 /* Assets.xcassets in Resources */ = {isa = PBXBuildFile; fileRef = 2EA73F262594ED48002B7169 /* Assets.xcassets */; };
		2EA73F2A2594ED48002B7169 /* LaunchScreen.storyboard in Resources */ = {isa = PBXBuildFile; fileRef = 2EA73F282594ED48002B7169 /* LaunchScreen.storyboard */; };
		2EA73F2D2594ED48002B7169 /* main.m in Sources */ = {isa = PBXBuildFile; fileRef = 2EA73F2C2594ED48002B7169 /* main.m */; };
		3A90EDE2355CDE78CB20B2CF /* Pods_Evinced_Example_Swift.framework in Frameworks */ = {isa = PBXBuildFile; fileRef = AC2D2065081BBEAF605DBB61 /* Pods_Evinced_Example_Swift.framework */; };
		607FACD61AFB9204008FA782 /* AppDelegate.swift in Sources */ = {isa = PBXBuildFile; fileRef = 607FACD51AFB9204008FA782 /* AppDelegate.swift */; };
		607FACD81AFB9204008FA782 /* ViewController.swift in Sources */ = {isa = PBXBuildFile; fileRef = 607FACD71AFB9204008FA782 /* ViewController.swift */; };
		607FACDB1AFB9204008FA782 /* Main.storyboard in Resources */ = {isa = PBXBuildFile; fileRef = 607FACD91AFB9204008FA782 /* Main.storyboard */; };
		FBE9CA8505E06CCD1CD50C4E /* Pods_Evinced_Example_Swift_Evinced_Example_ObjC.framework in Frameworks */ = {isa = PBXBuildFile; fileRef = 677D9A2BEC2A82B9CA17DA8A /* Pods_Evinced_Example_Swift_Evinced_Example_ObjC.framework */; };
/* End PBXBuildFile section */

/* Begin PBXFileReference section */
		05778E7EA8A70EED1B08C53B /* Pods-Evinced_Example_Swift-Evinced_Example_ObjC.release.xcconfig */ = {isa = PBXFileReference; includeInIndex = 1; lastKnownFileType = text.xcconfig; name = "Pods-Evinced_Example_Swift-Evinced_Example_ObjC.release.xcconfig"; path = "Target Support Files/Pods-Evinced_Example_Swift-Evinced_Example_ObjC/Pods-Evinced_Example_Swift-Evinced_Example_ObjC.release.xcconfig"; sourceTree = "<group>"; };
		05EFE03496225B641151833E /* LICENSE */ = {isa = PBXFileReference; includeInIndex = 1; lastKnownFileType = text; name = LICENSE; path = ../LICENSE; sourceTree = "<group>"; };
		0FE7B6A3A99F9E65D75D8C17 /* README.md */ = {isa = PBXFileReference; includeInIndex = 1; lastKnownFileType = net.daringfireball.markdown; name = README.md; path = ../README.md; sourceTree = "<group>"; };
		2EA73EEB259283EB002B7169 /* ViewController2.swift */ = {isa = PBXFileReference; fileEncoding = 4; lastKnownFileType = sourcecode.swift; path = ViewController2.swift; sourceTree = "<group>"; };
		2EA73EFC259284C2002B7169 /* Base */ = {isa = PBXFileReference; lastKnownFileType = file.storyboard; name = Base; path = Base.lproj/LaunchScreen.storyboard; sourceTree = "<group>"; };
		2EA73F062592853A002B7169 /* Assets.xcassets */ = {isa = PBXFileReference; lastKnownFileType = folder.assetcatalog; path = Assets.xcassets; sourceTree = "<group>"; };
		2EA73F182594ED45002B7169 /* Evinced_Example_ObjC.app */ = {isa = PBXFileReference; explicitFileType = wrapper.application; includeInIndex = 0; path = Evinced_Example_ObjC.app; sourceTree = BUILT_PRODUCTS_DIR; };
		2EA73F1A2594ED45002B7169 /* AppDelegate.h */ = {isa = PBXFileReference; lastKnownFileType = sourcecode.c.h; path = AppDelegate.h; sourceTree = "<group>"; };
		2EA73F1B2594ED45002B7169 /* AppDelegate.m */ = {isa = PBXFileReference; lastKnownFileType = sourcecode.c.objc; path = AppDelegate.m; sourceTree = "<group>"; };
		2EA73F1D2594ED45002B7169 /* SceneDelegate.h */ = {isa = PBXFileReference; lastKnownFileType = sourcecode.c.h; path = SceneDelegate.h; sourceTree = "<group>"; };
		2EA73F1E2594ED45002B7169 /* SceneDelegate.m */ = {isa = PBXFileReference; lastKnownFileType = sourcecode.c.objc; path = SceneDelegate.m; sourceTree = "<group>"; };
		2EA73F202594ED45002B7169 /* ViewController.h */ = {isa = PBXFileReference; lastKnownFileType = sourcecode.c.h; path = ViewController.h; sourceTree = "<group>"; };
		2EA73F212594ED45002B7169 /* ViewController.m */ = {isa = PBXFileReference; lastKnownFileType = sourcecode.c.objc; path = ViewController.m; sourceTree = "<group>"; };
		2EA73F242594ED45002B7169 /* Base */ = {isa = PBXFileReference; lastKnownFileType = file.storyboard; name = Base; path = Base.lproj/Main.storyboard; sourceTree = "<group>"; };
		2EA73F262594ED48002B7169 /* Assets.xcassets */ = {isa = PBXFileReference; lastKnownFileType = folder.assetcatalog; path = Assets.xcassets; sourceTree = "<group>"; };
		2EA73F292594ED48002B7169 /* Base */ = {isa = PBXFileReference; lastKnownFileType = file.storyboard; name = Base; path = Base.lproj/LaunchScreen.storyboard; sourceTree = "<group>"; };
		2EA73F2B2594ED48002B7169 /* Info.plist */ = {isa = PBXFileReference; lastKnownFileType = text.plist.xml; path = Info.plist; sourceTree = "<group>"; };
		2EA73F2C2594ED48002B7169 /* main.m */ = {isa = PBXFileReference; lastKnownFileType = sourcecode.c.objc; path = main.m; sourceTree = "<group>"; };
		2EFCBBB52604CAF600D04EBA /* EvincedSDKiOS.podspec */ = {isa = PBXFileReference; lastKnownFileType = text; name = EvincedSDKiOS.podspec; path = ../EvincedSDKiOS.podspec; sourceTree = "<group>"; xcLanguageSpecificationIdentifier = xcode.lang.ruby; };
		607FACD01AFB9204008FA782 /* Evinced_Example_Swift.app */ = {isa = PBXFileReference; explicitFileType = wrapper.application; includeInIndex = 0; path = Evinced_Example_Swift.app; sourceTree = BUILT_PRODUCTS_DIR; };
		607FACD41AFB9204008FA782 /* Info.plist */ = {isa = PBXFileReference; lastKnownFileType = text.plist.xml; path = Info.plist; sourceTree = "<group>"; };
		607FACD51AFB9204008FA782 /* AppDelegate.swift */ = {isa = PBXFileReference; lastKnownFileType = sourcecode.swift; path = AppDelegate.swift; sourceTree = "<group>"; };
		607FACD71AFB9204008FA782 /* ViewController.swift */ = {isa = PBXFileReference; lastKnownFileType = sourcecode.swift; path = ViewController.swift; sourceTree = "<group>"; };
		607FACDA1AFB9204008FA782 /* Base */ = {isa = PBXFileReference; lastKnownFileType = file.storyboard; name = Base; path = Base.lproj/Main.storyboard; sourceTree = "<group>"; };
		677D9A2BEC2A82B9CA17DA8A /* Pods_Evinced_Example_Swift_Evinced_Example_ObjC.framework */ = {isa = PBXFileReference; explicitFileType = wrapper.framework; includeInIndex = 0; path = Pods_Evinced_Example_Swift_Evinced_Example_ObjC.framework; sourceTree = BUILT_PRODUCTS_DIR; };
		799712F37DAEBF73FC603EF6 /* Pods-Evinced_Example_Swift-Evinced_Example_ObjC.debug.xcconfig */ = {isa = PBXFileReference; includeInIndex = 1; lastKnownFileType = text.xcconfig; name = "Pods-Evinced_Example_Swift-Evinced_Example_ObjC.debug.xcconfig"; path = "Target Support Files/Pods-Evinced_Example_Swift-Evinced_Example_ObjC/Pods-Evinced_Example_Swift-Evinced_Example_ObjC.debug.xcconfig"; sourceTree = "<group>"; };
		7C23D8A680E32FDB19E2EC28 /* Pods-Evinced_Example_Swift.debug.xcconfig */ = {isa = PBXFileReference; includeInIndex = 1; lastKnownFileType = text.xcconfig; name = "Pods-Evinced_Example_Swift.debug.xcconfig"; path = "Target Support Files/Pods-Evinced_Example_Swift/Pods-Evinced_Example_Swift.debug.xcconfig"; sourceTree = "<group>"; };
		AC2D2065081BBEAF605DBB61 /* Pods_Evinced_Example_Swift.framework */ = {isa = PBXFileReference; explicitFileType = wrapper.framework; includeInIndex = 0; path = Pods_Evinced_Example_Swift.framework; sourceTree = BUILT_PRODUCTS_DIR; };
		D8590DEA0D9302DFF9CAECC8 /* Pods-Evinced_Example_Swift.release.xcconfig */ = {isa = PBXFileReference; includeInIndex = 1; lastKnownFileType = text.xcconfig; name = "Pods-Evinced_Example_Swift.release.xcconfig"; path = "Target Support Files/Pods-Evinced_Example_Swift/Pods-Evinced_Example_Swift.release.xcconfig"; sourceTree = "<group>"; };
/* End PBXFileReference section */

/* Begin PBXFrameworksBuildPhase section */
		2EA73F152594ED45002B7169 /* Frameworks */ = {
			isa = PBXFrameworksBuildPhase;
			buildActionMask = 2147483647;
			files = (
				FBE9CA8505E06CCD1CD50C4E /* Pods_Evinced_Example_Swift_Evinced_Example_ObjC.framework in Frameworks */,
			);
			runOnlyForDeploymentPostprocessing = 0;
		};
		607FACCD1AFB9204008FA782 /* Frameworks */ = {
			isa = PBXFrameworksBuildPhase;
			buildActionMask = 2147483647;
			files = (
				3A90EDE2355CDE78CB20B2CF /* Pods_Evinced_Example_Swift.framework in Frameworks */,
			);
			runOnlyForDeploymentPostprocessing = 0;
		};
/* End PBXFrameworksBuildPhase section */

/* Begin PBXGroup section */
		2EA73F192594ED45002B7169 /* Example for Evinced (ObjC) */ = {
			isa = PBXGroup;
			children = (
				2EA73F1A2594ED45002B7169 /* AppDelegate.h */,
				2EA73F1B2594ED45002B7169 /* AppDelegate.m */,
				2EA73F1D2594ED45002B7169 /* SceneDelegate.h */,
				2EA73F1E2594ED45002B7169 /* SceneDelegate.m */,
				2EA73F202594ED45002B7169 /* ViewController.h */,
				2EA73F212594ED45002B7169 /* ViewController.m */,
				2EA73F232594ED45002B7169 /* Main.storyboard */,
				2EA73F262594ED48002B7169 /* Assets.xcassets */,
				2EA73F282594ED48002B7169 /* LaunchScreen.storyboard */,
				2EA73F2B2594ED48002B7169 /* Info.plist */,
				2EA73F2C2594ED48002B7169 /* main.m */,
			);
			name = "Example for Evinced (ObjC)";
			path = "Evinced-ObjC";
			sourceTree = "<group>";
		};
		5FB1CB798D9511F4A9AF1D63 /* Pods */ = {
			isa = PBXGroup;
			children = (
				7C23D8A680E32FDB19E2EC28 /* Pods-Evinced_Example_Swift.debug.xcconfig */,
				D8590DEA0D9302DFF9CAECC8 /* Pods-Evinced_Example_Swift.release.xcconfig */,
				799712F37DAEBF73FC603EF6 /* Pods-Evinced_Example_Swift-Evinced_Example_ObjC.debug.xcconfig */,
				05778E7EA8A70EED1B08C53B /* Pods-Evinced_Example_Swift-Evinced_Example_ObjC.release.xcconfig */,
			);
			path = Pods;
			sourceTree = "<group>";
		};
		607FACC71AFB9204008FA782 = {
			isa = PBXGroup;
			children = (
				607FACF51AFB993E008FA782 /* Podspec Metadata */,
				607FACD21AFB9204008FA782 /* Example for Evinced (Swift) */,
				2EA73F192594ED45002B7169 /* Example for Evinced (ObjC) */,
				607FACD11AFB9204008FA782 /* Products */,
				5FB1CB798D9511F4A9AF1D63 /* Pods */,
				8370E180AA94113FA5EF3B65 /* Frameworks */,
			);
			sourceTree = "<group>";
		};
		607FACD11AFB9204008FA782 /* Products */ = {
			isa = PBXGroup;
			children = (
				607FACD01AFB9204008FA782 /* Evinced_Example_Swift.app */,
				2EA73F182594ED45002B7169 /* Evinced_Example_ObjC.app */,
			);
			name = Products;
			sourceTree = "<group>";
		};
		607FACD21AFB9204008FA782 /* Example for Evinced (Swift) */ = {
			isa = PBXGroup;
			children = (
				607FACD51AFB9204008FA782 /* AppDelegate.swift */,
				607FACD71AFB9204008FA782 /* ViewController.swift */,
				2EA73EEB259283EB002B7169 /* ViewController2.swift */,
				607FACD91AFB9204008FA782 /* Main.storyboard */,
				2EA73EFD259284C2002B7169 /* LaunchScreen.storyboard */,
				607FACD31AFB9204008FA782 /* Supporting Files */,
			);
			name = "Example for Evinced (Swift)";
			path = "Evinced-Swift";
			sourceTree = "<group>";
		};
		607FACD31AFB9204008FA782 /* Supporting Files */ = {
			isa = PBXGroup;
			children = (
				2EA73F062592853A002B7169 /* Assets.xcassets */,
				607FACD41AFB9204008FA782 /* Info.plist */,
			);
			name = "Supporting Files";
			sourceTree = "<group>";
		};
		607FACF51AFB993E008FA782 /* Podspec Metadata */ = {
			isa = PBXGroup;
			children = (
				2EFCBBB52604CAF600D04EBA /* EvincedSDKiOS.podspec */,
				0FE7B6A3A99F9E65D75D8C17 /* README.md */,
				05EFE03496225B641151833E /* LICENSE */,
			);
			name = "Podspec Metadata";
			sourceTree = "<group>";
		};
		8370E180AA94113FA5EF3B65 /* Frameworks */ = {
			isa = PBXGroup;
			children = (
				AC2D2065081BBEAF605DBB61 /* Pods_Evinced_Example_Swift.framework */,
				677D9A2BEC2A82B9CA17DA8A /* Pods_Evinced_Example_Swift_Evinced_Example_ObjC.framework */,
			);
			name = Frameworks;
			sourceTree = "<group>";
		};
/* End PBXGroup section */

/* Begin PBXNativeTarget section */
		2EA73F172594ED45002B7169 /* Evinced_Example_ObjC */ = {
			isa = PBXNativeTarget;
			buildConfigurationList = 2EA73F2E2594ED48002B7169 /* Build configuration list for PBXNativeTarget "Evinced_Example_ObjC" */;
			buildPhases = (
				848B313C5D252F3A567F6A43 /* [CP] Check Pods Manifest.lock */,
				2EA73F142594ED45002B7169 /* Sources */,
				2EA73F152594ED45002B7169 /* Frameworks */,
				2EA73F162594ED45002B7169 /* Resources */,
				80B621B427710F1D1918F8AB /* [CP] Embed Pods Frameworks */,
			);
			buildRules = (
			);
			dependencies = (
			);
			name = Evinced_Example_ObjC;
			productName = Evinced_Example_ObjC;
			productReference = 2EA73F182594ED45002B7169 /* Evinced_Example_ObjC.app */;
			productType = "com.apple.product-type.application";
		};
		607FACCF1AFB9204008FA782 /* Evinced_Example_Swift */ = {
			isa = PBXNativeTarget;
			buildConfigurationList = 607FACEF1AFB9204008FA782 /* Build configuration list for PBXNativeTarget "Evinced_Example_Swift" */;
			buildPhases = (
				58BA227A29EF2E4FA7E1F58A /* [CP] Check Pods Manifest.lock */,
				607FACCC1AFB9204008FA782 /* Sources */,
				607FACCD1AFB9204008FA782 /* Frameworks */,
				607FACCE1AFB9204008FA782 /* Resources */,
				5407DD4F364B2F310CB7866C /* [CP] Embed Pods Frameworks */,
			);
			buildRules = (
			);
			dependencies = (
			);
			name = Evinced_Example_Swift;
			productName = Evinced;
			productReference = 607FACD01AFB9204008FA782 /* Evinced_Example_Swift.app */;
			productType = "com.apple.product-type.application";
		};
/* End PBXNativeTarget section */

/* Begin PBXProject section */
		607FACC81AFB9204008FA782 /* Project object */ = {
			isa = PBXProject;
			attributes = {
				LastSwiftUpdateCheck = 0830;
				LastUpgradeCheck = 0830;
				ORGANIZATIONNAME = CocoaPods;
				TargetAttributes = {
					2EA73F172594ED45002B7169 = {
						CreatedOnToolsVersion = 12.3;
						DevelopmentTeam = 546A673B35;
						ProvisioningStyle = Automatic;
					};
					607FACCF1AFB9204008FA782 = {
						CreatedOnToolsVersion = 6.3.1;
						DevelopmentTeam = 546A673B35;
						LastSwiftMigration = 0900;
						ProvisioningStyle = Automatic;
					};
				};
			};
			buildConfigurationList = 607FACCB1AFB9204008FA782 /* Build configuration list for PBXProject "Evinced" */;
			compatibilityVersion = "Xcode 3.2";
			developmentRegion = English;
			hasScannedForEncodings = 0;
			knownRegions = (
				English,
				en,
				Base,
			);
			mainGroup = 607FACC71AFB9204008FA782;
			productRefGroup = 607FACD11AFB9204008FA782 /* Products */;
			projectDirPath = "";
			projectRoot = "";
			targets = (
				607FACCF1AFB9204008FA782 /* Evinced_Example_Swift */,
				2EA73F172594ED45002B7169 /* Evinced_Example_ObjC */,
			);
		};
/* End PBXProject section */

/* Begin PBXResourcesBuildPhase section */
		2EA73F162594ED45002B7169 /* Resources */ = {
			isa = PBXResourcesBuildPhase;
			buildActionMask = 2147483647;
			files = (
				2EA73F2A2594ED48002B7169 /* LaunchScreen.storyboard in Resources */,
				2EA73F272594ED48002B7169 /* Assets.xcassets in Resources */,
				2EA73F252594ED45002B7169 /* Main.storyboard in Resources */,
			);
			runOnlyForDeploymentPostprocessing = 0;
		};
		607FACCE1AFB9204008FA782 /* Resources */ = {
			isa = PBXResourcesBuildPhase;
			buildActionMask = 2147483647;
			files = (
				607FACDB1AFB9204008FA782 /* Main.storyboard in Resources */,
				2EA73F072592853A002B7169 /* Assets.xcassets in Resources */,
				2EA73EFB259284C2002B7169 /* LaunchScreen.storyboard in Resources */,
			);
			runOnlyForDeploymentPostprocessing = 0;
		};
/* End PBXResourcesBuildPhase section */

/* Begin PBXShellScriptBuildPhase section */
		5407DD4F364B2F310CB7866C /* [CP] Embed Pods Frameworks */ = {
			isa = PBXShellScriptBuildPhase;
			buildActionMask = 2147483647;
			files = (
			);
			inputPaths = (
				"${PODS_ROOT}/Target Support Files/Pods-Evinced_Example_Swift/Pods-Evinced_Example_Swift-frameworks.sh",
				"${BUILT_PRODUCTS_DIR}/EvincedSDKiOS/EvincedSDKiOS.framework",
				"${BUILT_PRODUCTS_DIR}/Starscream/Starscream.framework",
			);
			name = "[CP] Embed Pods Frameworks";
			outputPaths = (
				"${TARGET_BUILD_DIR}/${FRAMEWORKS_FOLDER_PATH}/EvincedSDKiOS.framework",
				"${TARGET_BUILD_DIR}/${FRAMEWORKS_FOLDER_PATH}/Starscream.framework",
			);
			runOnlyForDeploymentPostprocessing = 0;
			shellPath = /bin/sh;
			shellScript = "\"${PODS_ROOT}/Target Support Files/Pods-Evinced_Example_Swift/Pods-Evinced_Example_Swift-frameworks.sh\"\n";
			showEnvVarsInLog = 0;
		};
		58BA227A29EF2E4FA7E1F58A /* [CP] Check Pods Manifest.lock */ = {
			isa = PBXShellScriptBuildPhase;
			buildActionMask = 2147483647;
			files = (
			);
			inputFileListPaths = (
			);
			inputPaths = (
				"${PODS_PODFILE_DIR_PATH}/Podfile.lock",
				"${PODS_ROOT}/Manifest.lock",
			);
			name = "[CP] Check Pods Manifest.lock";
			outputFileListPaths = (
			);
			outputPaths = (
				"$(DERIVED_FILE_DIR)/Pods-Evinced_Example_Swift-checkManifestLockResult.txt",
			);
			runOnlyForDeploymentPostprocessing = 0;
			shellPath = /bin/sh;
			shellScript = "diff \"${PODS_PODFILE_DIR_PATH}/Podfile.lock\" \"${PODS_ROOT}/Manifest.lock\" > /dev/null\nif [ $? != 0 ] ; then\n    # print error to STDERR\n    echo \"error: The sandbox is not in sync with the Podfile.lock. Run 'pod install' or update your CocoaPods installation.\" >&2\n    exit 1\nfi\n# This output is used by Xcode 'outputs' to avoid re-running this script phase.\necho \"SUCCESS\" > \"${SCRIPT_OUTPUT_FILE_0}\"\n";
			showEnvVarsInLog = 0;
		};
		80B621B427710F1D1918F8AB /* [CP] Embed Pods Frameworks */ = {
			isa = PBXShellScriptBuildPhase;
			buildActionMask = 2147483647;
			files = (
			);
			inputPaths = (
				"${PODS_ROOT}/Target Support Files/Pods-Evinced_Example_Swift-Evinced_Example_ObjC/Pods-Evinced_Example_Swift-Evinced_Example_ObjC-frameworks.sh",
				"${BUILT_PRODUCTS_DIR}/EvincedSDKiOS/EvincedSDKiOS.framework",
				"${BUILT_PRODUCTS_DIR}/Starscream/Starscream.framework",
			);
			name = "[CP] Embed Pods Frameworks";
			outputPaths = (
				"${TARGET_BUILD_DIR}/${FRAMEWORKS_FOLDER_PATH}/EvincedSDKiOS.framework",
				"${TARGET_BUILD_DIR}/${FRAMEWORKS_FOLDER_PATH}/Starscream.framework",
			);
			runOnlyForDeploymentPostprocessing = 0;
			shellPath = /bin/sh;
			shellScript = "\"${PODS_ROOT}/Target Support Files/Pods-Evinced_Example_Swift-Evinced_Example_ObjC/Pods-Evinced_Example_Swift-Evinced_Example_ObjC-frameworks.sh\"\n";
			showEnvVarsInLog = 0;
		};
		848B313C5D252F3A567F6A43 /* [CP] Check Pods Manifest.lock */ = {
			isa = PBXShellScriptBuildPhase;
			buildActionMask = 2147483647;
			files = (
			);
			inputFileListPaths = (
			);
			inputPaths = (
				"${PODS_PODFILE_DIR_PATH}/Podfile.lock",
				"${PODS_ROOT}/Manifest.lock",
			);
			name = "[CP] Check Pods Manifest.lock";
			outputFileListPaths = (
			);
			outputPaths = (
				"$(DERIVED_FILE_DIR)/Pods-Evinced_Example_Swift-Evinced_Example_ObjC-checkManifestLockResult.txt",
			);
			runOnlyForDeploymentPostprocessing = 0;
			shellPath = /bin/sh;
			shellScript = "diff \"${PODS_PODFILE_DIR_PATH}/Podfile.lock\" \"${PODS_ROOT}/Manifest.lock\" > /dev/null\nif [ $? != 0 ] ; then\n    # print error to STDERR\n    echo \"error: The sandbox is not in sync with the Podfile.lock. Run 'pod install' or update your CocoaPods installation.\" >&2\n    exit 1\nfi\n# This output is used by Xcode 'outputs' to avoid re-running this script phase.\necho \"SUCCESS\" > \"${SCRIPT_OUTPUT_FILE_0}\"\n";
			showEnvVarsInLog = 0;
		};
/* End PBXShellScriptBuildPhase section */

/* Begin PBXSourcesBuildPhase section */
		2EA73F142594ED45002B7169 /* Sources */ = {
			isa = PBXSourcesBuildPhase;
			buildActionMask = 2147483647;
			files = (
				2EA73F222594ED45002B7169 /* ViewController.m in Sources */,
				2EA73F1C2594ED45002B7169 /* AppDelegate.m in Sources */,
				2EA73F2D2594ED48002B7169 /* main.m in Sources */,
				2EA73F1F2594ED45002B7169 /* SceneDelegate.m in Sources */,
			);
			runOnlyForDeploymentPostprocessing = 0;
		};
		607FACCC1AFB9204008FA782 /* Sources */ = {
			isa = PBXSourcesBuildPhase;
			buildActionMask = 2147483647;
			files = (
				607FACD81AFB9204008FA782 /* ViewController.swift in Sources */,
				607FACD61AFB9204008FA782 /* AppDelegate.swift in Sources */,
				2EA73EEC259283EB002B7169 /* ViewController2.swift in Sources */,
			);
			runOnlyForDeploymentPostprocessing = 0;
		};
/* End PBXSourcesBuildPhase section */

/* Begin PBXVariantGroup section */
		2EA73EFD259284C2002B7169 /* LaunchScreen.storyboard */ = {
			isa = PBXVariantGroup;
			children = (
				2EA73EFC259284C2002B7169 /* Base */,
			);
			name = LaunchScreen.storyboard;
			sourceTree = "<group>";
		};
		2EA73F232594ED45002B7169 /* Main.storyboard */ = {
			isa = PBXVariantGroup;
			children = (
				2EA73F242594ED45002B7169 /* Base */,
			);
			name = Main.storyboard;
			sourceTree = "<group>";
		};
		2EA73F282594ED48002B7169 /* LaunchScreen.storyboard */ = {
			isa = PBXVariantGroup;
			children = (
				2EA73F292594ED48002B7169 /* Base */,
			);
			name = LaunchScreen.storyboard;
			sourceTree = "<group>";
		};
		607FACD91AFB9204008FA782 /* Main.storyboard */ = {
			isa = PBXVariantGroup;
			children = (
				607FACDA1AFB9204008FA782 /* Base */,
			);
			name = Main.storyboard;
			sourceTree = "<group>";
		};
/* End PBXVariantGroup section */

/* Begin XCBuildConfiguration section */
		2EA73F2F2594ED48002B7169 /* Debug */ = {
			isa = XCBuildConfiguration;
			baseConfigurationReference = 799712F37DAEBF73FC603EF6 /* Pods-Evinced_Example_Swift-Evinced_Example_ObjC.debug.xcconfig */;
			buildSettings = {
				ASSETCATALOG_COMPILER_APPICON_NAME = AppIcon;
				ASSETCATALOG_COMPILER_GLOBAL_ACCENT_COLOR_NAME = AccentColor;
				CLANG_ANALYZER_NONNULL = YES;
				CLANG_ANALYZER_NUMBER_OBJECT_CONVERSION = YES_AGGRESSIVE;
				CLANG_CXX_LANGUAGE_STANDARD = "gnu++14";
				CLANG_ENABLE_OBJC_WEAK = YES;
				CLANG_WARN_DEPRECATED_OBJC_IMPLEMENTATIONS = YES;
				CLANG_WARN_DOCUMENTATION_COMMENTS = YES;
				CLANG_WARN_OBJC_IMPLICIT_RETAIN_SELF = YES;
				CLANG_WARN_QUOTED_INCLUDE_IN_FRAMEWORK_HEADER = "$(inherited)";
				CLANG_WARN_UNGUARDED_AVAILABILITY = YES_AGGRESSIVE;
				CODE_SIGN_STYLE = Automatic;
				DEBUG_INFORMATION_FORMAT = dwarf;
				DEVELOPMENT_TEAM = 546A673B35;
				GCC_C_LANGUAGE_STANDARD = gnu11;
				INFOPLIST_FILE = "$(SRCROOT)/Evinced-ObjC/Info.plist";
				IPHONEOS_DEPLOYMENT_TARGET = 13.0;
				LD_RUNPATH_SEARCH_PATHS = "$(inherited) @executable_path/Frameworks";
				MTL_ENABLE_DEBUG_INFO = INCLUDE_SOURCE;
				MTL_FAST_MATH = YES;
				PRODUCT_BUNDLE_IDENTIFIER = "com.evinced.example-objc";
				PRODUCT_NAME = "$(TARGET_NAME)";
				TARGETED_DEVICE_FAMILY = 1;
			};
			name = Debug;
		};
		2EA73F302594ED48002B7169 /* Release */ = {
			isa = XCBuildConfiguration;
			baseConfigurationReference = 05778E7EA8A70EED1B08C53B /* Pods-Evinced_Example_Swift-Evinced_Example_ObjC.release.xcconfig */;
			buildSettings = {
				ASSETCATALOG_COMPILER_APPICON_NAME = AppIcon;
				ASSETCATALOG_COMPILER_GLOBAL_ACCENT_COLOR_NAME = AccentColor;
				CLANG_ANALYZER_NONNULL = YES;
				CLANG_ANALYZER_NUMBER_OBJECT_CONVERSION = YES_AGGRESSIVE;
				CLANG_CXX_LANGUAGE_STANDARD = "gnu++14";
				CLANG_ENABLE_OBJC_WEAK = YES;
				CLANG_WARN_DEPRECATED_OBJC_IMPLEMENTATIONS = YES;
				CLANG_WARN_DOCUMENTATION_COMMENTS = YES;
				CLANG_WARN_OBJC_IMPLICIT_RETAIN_SELF = YES;
				CLANG_WARN_QUOTED_INCLUDE_IN_FRAMEWORK_HEADER = "$(inherited)";
				CLANG_WARN_UNGUARDED_AVAILABILITY = YES_AGGRESSIVE;
				CODE_SIGN_STYLE = Automatic;
				DEVELOPMENT_TEAM = 546A673B35;
				GCC_C_LANGUAGE_STANDARD = gnu11;
				INFOPLIST_FILE = "$(SRCROOT)/Evinced-ObjC/Info.plist";
				IPHONEOS_DEPLOYMENT_TARGET = 13.0;
				LD_RUNPATH_SEARCH_PATHS = "$(inherited) @executable_path/Frameworks";
				MTL_FAST_MATH = YES;
				PRODUCT_BUNDLE_IDENTIFIER = "com.evinced.example-objc";
				PRODUCT_NAME = "$(TARGET_NAME)";
				TARGETED_DEVICE_FAMILY = 1;
			};
			name = Release;
		};
		607FACED1AFB9204008FA782 /* Debug */ = {
			isa = XCBuildConfiguration;
			buildSettings = {
				ALWAYS_SEARCH_USER_PATHS = NO;
				CLANG_CXX_LANGUAGE_STANDARD = "gnu++0x";
				CLANG_CXX_LIBRARY = "libc++";
				CLANG_ENABLE_MODULES = YES;
				CLANG_ENABLE_OBJC_ARC = YES;
				CLANG_WARN_BLOCK_CAPTURE_AUTORELEASING = YES;
				CLANG_WARN_BOOL_CONVERSION = YES;
				CLANG_WARN_COMMA = YES;
				CLANG_WARN_CONSTANT_CONVERSION = YES;
				CLANG_WARN_DIRECT_OBJC_ISA_USAGE = YES_ERROR;
				CLANG_WARN_EMPTY_BODY = YES;
				CLANG_WARN_ENUM_CONVERSION = YES;
				CLANG_WARN_INFINITE_RECURSION = YES;
				CLANG_WARN_INT_CONVERSION = YES;
				CLANG_WARN_NON_LITERAL_NULL_CONVERSION = YES;
				CLANG_WARN_OBJC_LITERAL_CONVERSION = YES;
				CLANG_WARN_OBJC_ROOT_CLASS = YES_ERROR;
				CLANG_WARN_RANGE_LOOP_ANALYSIS = YES;
				CLANG_WARN_STRICT_PROTOTYPES = YES;
				CLANG_WARN_SUSPICIOUS_MOVE = YES;
				CLANG_WARN_UNREACHABLE_CODE = YES;
				CLANG_WARN__DUPLICATE_METHOD_MATCH = YES;
				"CODE_SIGN_IDENTITY[sdk=iphoneos*]" = "iPhone Developer";
				COPY_PHASE_STRIP = NO;
				DEBUG_INFORMATION_FORMAT = "dwarf-with-dsym";
				ENABLE_STRICT_OBJC_MSGSEND = YES;
				ENABLE_TESTABILITY = YES;
				GCC_C_LANGUAGE_STANDARD = gnu99;
				GCC_DYNAMIC_NO_PIC = NO;
				GCC_NO_COMMON_BLOCKS = YES;
				GCC_OPTIMIZATION_LEVEL = 0;
				GCC_PREPROCESSOR_DEFINITIONS = (
					"DEBUG=1",
					"$(inherited)",
				);
				GCC_SYMBOLS_PRIVATE_EXTERN = NO;
				GCC_WARN_64_TO_32_BIT_CONVERSION = YES;
				GCC_WARN_ABOUT_RETURN_TYPE = YES_ERROR;
				GCC_WARN_UNDECLARED_SELECTOR = YES;
				GCC_WARN_UNINITIALIZED_AUTOS = YES_AGGRESSIVE;
				GCC_WARN_UNUSED_FUNCTION = YES;
				GCC_WARN_UNUSED_VARIABLE = YES;
				IPHONEOS_DEPLOYMENT_TARGET = 12.0;
				MTL_ENABLE_DEBUG_INFO = YES;
				ONLY_ACTIVE_ARCH = YES;
				OTHER_CFLAGS = "-fembed-bitcode-marker";
				SDKROOT = iphoneos;
				SWIFT_OPTIMIZATION_LEVEL = "-Onone";
			};
			name = Debug;
		};
		607FACEE1AFB9204008FA782 /* Release */ = {
			isa = XCBuildConfiguration;
			buildSettings = {
				ALWAYS_SEARCH_USER_PATHS = NO;
				CLANG_CXX_LANGUAGE_STANDARD = "gnu++0x";
				CLANG_CXX_LIBRARY = "libc++";
				CLANG_ENABLE_MODULES = YES;
				CLANG_ENABLE_OBJC_ARC = YES;
				CLANG_WARN_BLOCK_CAPTURE_AUTORELEASING = YES;
				CLANG_WARN_BOOL_CONVERSION = YES;
				CLANG_WARN_COMMA = YES;
				CLANG_WARN_CONSTANT_CONVERSION = YES;
				CLANG_WARN_DIRECT_OBJC_ISA_USAGE = YES_ERROR;
				CLANG_WARN_EMPTY_BODY = YES;
				CLANG_WARN_ENUM_CONVERSION = YES;
				CLANG_WARN_INFINITE_RECURSION = YES;
				CLANG_WARN_INT_CONVERSION = YES;
				CLANG_WARN_NON_LITERAL_NULL_CONVERSION = YES;
				CLANG_WARN_OBJC_LITERAL_CONVERSION = YES;
				CLANG_WARN_OBJC_ROOT_CLASS = YES_ERROR;
				CLANG_WARN_RANGE_LOOP_ANALYSIS = YES;
				CLANG_WARN_STRICT_PROTOTYPES = YES;
				CLANG_WARN_SUSPICIOUS_MOVE = YES;
				CLANG_WARN_UNREACHABLE_CODE = YES;
				CLANG_WARN__DUPLICATE_METHOD_MATCH = YES;
				"CODE_SIGN_IDENTITY[sdk=iphoneos*]" = "iPhone Developer";
				COPY_PHASE_STRIP = NO;
				DEBUG_INFORMATION_FORMAT = "dwarf-with-dsym";
				ENABLE_NS_ASSERTIONS = NO;
				ENABLE_STRICT_OBJC_MSGSEND = YES;
				GCC_C_LANGUAGE_STANDARD = gnu99;
				GCC_NO_COMMON_BLOCKS = YES;
				GCC_WARN_64_TO_32_BIT_CONVERSION = YES;
				GCC_WARN_ABOUT_RETURN_TYPE = YES_ERROR;
				GCC_WARN_UNDECLARED_SELECTOR = YES;
				GCC_WARN_UNINITIALIZED_AUTOS = YES_AGGRESSIVE;
				GCC_WARN_UNUSED_FUNCTION = YES;
				GCC_WARN_UNUSED_VARIABLE = YES;
				IPHONEOS_DEPLOYMENT_TARGET = 12.0;
				MTL_ENABLE_DEBUG_INFO = NO;
				OTHER_CFLAGS = "-fembed-bitcode";
				SDKROOT = iphoneos;
				SWIFT_OPTIMIZATION_LEVEL = "-Owholemodule";
				VALIDATE_PRODUCT = YES;
			};
			name = Release;
		};
		607FACF01AFB9204008FA782 /* Debug */ = {
			isa = XCBuildConfiguration;
			baseConfigurationReference = 7C23D8A680E32FDB19E2EC28 /* Pods-Evinced_Example_Swift.debug.xcconfig */;
			buildSettings = {
				CLANG_WARN_QUOTED_INCLUDE_IN_FRAMEWORK_HEADER = "$(inherited)";
				CODE_SIGN_IDENTITY = "Apple Development";
				CODE_SIGN_STYLE = Automatic;
				DEVELOPMENT_TEAM = 546A673B35;
				INFOPLIST_FILE = "$(SRCROOT)/Evinced-Swift/Info.plist";
				IPHONEOS_DEPLOYMENT_TARGET = 13.0;
				LD_RUNPATH_SEARCH_PATHS = "$(inherited) @executable_path/Frameworks";
				MODULE_NAME = ExampleApp;
				PRODUCT_BUNDLE_IDENTIFIER = "com.evinced.example-swift";
				PRODUCT_NAME = "$(TARGET_NAME)";
				PROVISIONING_PROFILE_SPECIFIER = "";
				SWIFT_SWIFT3_OBJC_INFERENCE = Default;
				SWIFT_VERSION = 4.0;
			};
			name = Debug;
		};
		607FACF11AFB9204008FA782 /* Release */ = {
			isa = XCBuildConfiguration;
			baseConfigurationReference = D8590DEA0D9302DFF9CAECC8 /* Pods-Evinced_Example_Swift.release.xcconfig */;
			buildSettings = {
				CLANG_WARN_QUOTED_INCLUDE_IN_FRAMEWORK_HEADER = "$(inherited)";
				CODE_SIGN_IDENTITY = "Apple Development";
				CODE_SIGN_STYLE = Automatic;
				DEVELOPMENT_TEAM = 546A673B35;
				INFOPLIST_FILE = "$(SRCROOT)/Evinced-Swift/Info.plist";
				IPHONEOS_DEPLOYMENT_TARGET = 13.0;
				LD_RUNPATH_SEARCH_PATHS = "$(inherited) @executable_path/Frameworks";
				MODULE_NAME = ExampleApp;
				PRODUCT_BUNDLE_IDENTIFIER = "com.evinced.example-swift";
				PRODUCT_NAME = "$(TARGET_NAME)";
				PROVISIONING_PROFILE_SPECIFIER = "";
				SWIFT_SWIFT3_OBJC_INFERENCE = Default;
				SWIFT_VERSION = 4.0;
			};
			name = Release;
		};
/* End XCBuildConfiguration section */

/* Begin XCConfigurationList section */
		2EA73F2E2594ED48002B7169 /* Build configuration list for PBXNativeTarget "Evinced_Example_ObjC" */ = {
			isa = XCConfigurationList;
			buildConfigurations = (
				2EA73F2F2594ED48002B7169 /* Debug */,
				2EA73F302594ED48002B7169 /* Release */,
			);
			defaultConfigurationIsVisible = 0;
			defaultConfigurationName = Release;
		};
		607FACCB1AFB9204008FA782 /* Build configuration list for PBXProject "Evinced" */ = {
			isa = XCConfigurationList;
			buildConfigurations = (
				607FACED1AFB9204008FA782 /* Debug */,
				607FACEE1AFB9204008FA782 /* Release */,
			);
			defaultConfigurationIsVisible = 0;
			defaultConfigurationName = Release;
		};
		607FACEF1AFB9204008FA782 /* Build configuration list for PBXNativeTarget "Evinced_Example_Swift" */ = {
			isa = XCConfigurationList;
			buildConfigurations = (
				607FACF01AFB9204008FA782 /* Debug */,
				607FACF11AFB9204008FA782 /* Release */,
			);
			defaultConfigurationIsVisible = 0;
			defaultConfigurationName = Release;
		};
/* End XCConfigurationList section */
	};
	rootObject = 607FACC81AFB9204008FA782 /* Project object */;
}
